
Microsoft Visual Studio Solution File, Format Version 12.00
# Visual Studio Version 17
VisualStudioVersion = 17.0.32112.339
MinimumVisualStudioVersion = 10.0.40219.1
Project("{2150E333-8FDC-42A3-9474-1A3956D46DE8}") = "~framework", "~framework", "{988D974A-F1E9-4420-ADF8-5F56E0A5DF0F}"
EndProject
Project("{2150E333-8FDC-42A3-9474-1A3956D46DE8}") = "`build", "`build", "{286AA6FE-67D4-4818-8C77-F3AFFF3CCD7D}"
	ProjectSection(SolutionItems) = preProject
		directory.build.props = directory.build.props
		exclusion.dic = exclusion.dic
		global.json = global.json
	EndProjectSection
EndProject
Project("{9A19103F-16F7-4668-BE54-9A1E7A4F7556}") = "cc.isr.Std.MovingFilters", "..\..\..\core\std\src\moving.filters\moving.filters\cc.isr.Std.MovingFilters.csproj", "{522DE61B-4E5D-48E9-9C24-9BF198FE640F}"
EndProject
Project("{9A19103F-16F7-4668-BE54-9A1E7A4F7556}") = "cc.isr.UnitsAmounts", "..\..\..\core\units.amounts\src\units.amounts\units.amounts\cc.isr.UnitsAmounts.csproj", "{AF9CEE86-5774-484C-B4BA-03363AB62FE3}"
EndProject
Project("{9A19103F-16F7-4668-BE54-9A1E7A4F7556}") = "cc.isr.UnitsAmounts.StandardUnits", "..\..\..\core\units.amounts\src\units.amounts\standard.units\cc.isr.UnitsAmounts.StandardUnits.csproj", "{9BF6F86A-CAB4-48BB-83F9-68FF4D585F8B}"
EndProject
Project("{2150E333-8FDC-42A3-9474-1A3956D46DE8}") = "resource", "resource", "{3B19A774-0682-4569-AF8E-C1FC2C6AAEB9}"
EndProject
Project("{9A19103F-16F7-4668-BE54-9A1E7A4F7556}") = "cc.isr.VI.Pith", "resource\pith\cc.isr.VI.Pith.csproj", "{BFE501D6-BD56-423F-B4EF-3D57C8FA3087}"
EndProject
Project("{9A19103F-16F7-4668-BE54-9A1E7A4F7556}") = "cc.isr.Enums", "..\..\..\core\enums\src\enums\enums\cc.isr.Enums.csproj", "{27DB120C-4F69-4762-A09A-07197AA78991}"
EndProject
Project("{9A19103F-16F7-4668-BE54-9A1E7A4F7556}") = "cc.isr.Std.Framework", "..\..\..\core\std\src\framework\framework\cc.isr.Std.Framework.csproj", "{D31DE7BB-4E87-44F4-92B4-54484F5F69BC}"
EndProject
Project("{2150E333-8FDC-42A3-9474-1A3956D46DE8}") = "device", "device", "{D4CF19C9-8DC5-4F2B-AA42-543A69919FE5}"
EndProject
Project("{9A19103F-16F7-4668-BE54-9A1E7A4F7556}") = "cc.isr.Tracing", "..\..\..\core\tracing\src\tracing\tracing\cc.isr.Tracing.csproj", "{FA8676DB-4BDD-4125-BA09-9654D4F60475}"
EndProject
Project("{9A19103F-16F7-4668-BE54-9A1E7A4F7556}") = "cc.isr.Logging.TraceLog", "..\..\..\core\logging\src\tracelog\tracelog\cc.isr.Logging.TraceLog.csproj", "{A11599A1-1C6B-441D-8F72-48CD4BBFE2F6}"
EndProject
Project("{9A19103F-16F7-4668-BE54-9A1E7A4F7556}") = "cc.isr.Std.Concurrent", "..\..\..\core\std\src\concurrent\concurrent\cc.isr.Std.Concurrent.csproj", "{8BDF1790-F695-4C00-A6D5-69A092CCB95B}"
EndProject
Project("{9A19103F-16F7-4668-BE54-9A1E7A4F7556}") = "cc.isr.Std.BindingLists", "..\..\..\core\std\src\binding.lists\binding.lists\cc.isr.Std.BindingLists.csproj", "{B271D574-77F6-4D9C-8BAE-E10BC367C437}"
EndProject
Project("{9A19103F-16F7-4668-BE54-9A1E7A4F7556}") = "cc.isr.Std.Primitives", "..\..\..\core\std\src\primitives\primitives\cc.isr.Std.Primitives.csproj", "{9EBE05B6-4EAC-4EBF-BD31-907CBC6FD97F}"
EndProject
Project("{9A19103F-16F7-4668-BE54-9A1E7A4F7556}") = "cc.isr.WinControls.Metro", "..\..\..\core\win.controls\src\metro\metro\cc.isr.WinControls.Metro.csproj", "{F02F9039-9C9B-48F7-A217-91C0D63FF2C7}"
EndProject
Project("{9A19103F-16F7-4668-BE54-9A1E7A4F7556}") = "cc.isr.Json.AppSettings.WinForms", "..\..\..\core\json\src\app.settings\app.settings.win.forms\cc.isr.Json.AppSettings.WinForms.csproj", "{8E30A6F9-DE53-4123-AB58-AA800FDA9A64}"
EndProject
Project("{9A19103F-16F7-4668-BE54-9A1E7A4F7556}") = "cc.isr.Tracing.WinForms", "..\..\..\core\tracing\src\win.forms\tracing.win.forms\cc.isr.Tracing.WinForms.csproj", "{90F147CF-2499-4F94-BE0E-FC874323AEE3}"
EndProject
Project("{9A19103F-16F7-4668-BE54-9A1E7A4F7556}") = "cc.isr.Std.Async", "..\..\..\core\std\src\async\async\cc.isr.Std.Async.csproj", "{44472573-1E95-42FA-81DB-A1880284CA24}"
EndProject
Project("{9A19103F-16F7-4668-BE54-9A1E7A4F7556}") = "cc.isr.Std.Notifiers", "..\..\..\core\std\src\notifiers\notifiers\cc.isr.Std.Notifiers.csproj", "{3B4DD5FA-890D-4A50-BB87-45E373927D89}"
EndProject
Project("{2150E333-8FDC-42A3-9474-1A3956D46DE8}") = "arebis", "arebis", "{3670ADEF-8479-4BAB-9430-2031245206D0}"
EndProject
Project("{2150E333-8FDC-42A3-9474-1A3956D46DE8}") = "std", "std", "{94591076-345F-4183-8726-022256F835E8}"
EndProject
Project("{2150E333-8FDC-42A3-9474-1A3956D46DE8}") = "winforms", "winforms", "{1EFE58FC-516A-44AD-813F-607338BF8117}"
EndProject
Project("{2150E333-8FDC-42A3-9474-1A3956D46DE8}") = "optima", "optima", "{781B9338-5317-44D9-89C2-A5B19B4B695F}"
EndProject
Project("{9A19103F-16F7-4668-BE54-9A1E7A4F7556}") = "cc.isr.Numerical.Optima", "..\..\..\algorithms\numerical\src\optima\optima\cc.isr.Numerical.Optima.csproj", "{B7A96E08-810A-439F-97D3-03EFF86EED09}"
EndProject
Project("{9A19103F-16F7-4668-BE54-9A1E7A4F7556}") = "cc.isr.Std.Cartesian", "..\..\..\core\std\src\cartesian\cartesian\cc.isr.Std.Cartesian.csproj", "{6529DC00-D922-4C25-BAB0-DFAF74F4D756}"
EndProject
Project("{2150E333-8FDC-42A3-9474-1A3956D46DE8}") = "visual", "visual", "{0055CBF6-665E-4F54-BDD5-A7BA0C1391DC}"
EndProject
Project("{9A19103F-16F7-4668-BE54-9A1E7A4F7556}") = "ChartWin", "..\..\..\visual\charting\src\mixed\win.controls\ChartWin.csproj", "{165583D8-719B-4512-80C0-4AD9DBAFCD09}"
EndProject
Project("{9A19103F-16F7-4668-BE54-9A1E7A4F7556}") = "cc.isr.WinControls.ModelView", "..\..\..\core\win.controls\src\model.view\model.view\cc.isr.WinControls.ModelView.csproj", "{96422294-BBE1-4351-B852-1415FDA64FDE}"
EndProject
Project("{9A19103F-16F7-4668-BE54-9A1E7A4F7556}") = "cc.isr.WinControls.Extended", "..\..\..\core\win.controls\src\extended\extended\cc.isr.WinControls.Extended.csproj", "{C0263827-D638-4832-9F5C-F8EE245C3583}"
EndProject
Project("{9A19103F-16F7-4668-BE54-9A1E7A4F7556}") = "cc.isr.WinControls.ModelViewLogger", "..\..\..\core\win.controls\src\model.view.logger\model.view.logger\cc.isr.WinControls.ModelViewLogger.csproj", "{03CA29F2-E7E8-4A3C-AAE2-4A8AD1F64C6E}"
EndProject
Project("{9A19103F-16F7-4668-BE54-9A1E7A4F7556}") = "cc.isr.WinControls.Selectors", "..\..\..\core\win.controls\src\selectors\selectors\cc.isr.WinControls.Selectors.csproj", "{987A4764-44D8-4040-8D45-179FEAA45C96}"
EndProject
Project("{9A19103F-16F7-4668-BE54-9A1E7A4F7556}") = "cc.isr.WinControls.ToolStrips", "..\..\..\core\win.controls\src\tool.strips\tool.strips\cc.isr.WinControls.ToolStrips.csproj", "{7DEB5E63-A523-493A-B15A-001992706EC0}"
EndProject
Project("{9A19103F-16F7-4668-BE54-9A1E7A4F7556}") = "cc.isr.WinControls.Progress", "..\..\..\core\win.controls\src\progress\progress\cc.isr.WinControls.Progress.csproj", "{B1B31F09-B782-449A-AC82-2FEF0FE0297D}"
EndProject
Project("{9A19103F-16F7-4668-BE54-9A1E7A4F7556}") = "cc.isr.WinControls.Trees", "..\..\..\core\win.controls\src\trees\trees\cc.isr.WinControls.Trees.csproj", "{ADA9F645-DACA-4E82-8577-EB3D0A12BAC3}"
EndProject
Project("{9A19103F-16F7-4668-BE54-9A1E7A4F7556}") = "cc.isr.Win.Framework", "..\..\..\core\win\src\framework\framework\cc.isr.Win.Framework.csproj", "{757C2FE0-5B7B-4946-B9FE-263BBB58A2FB}"
EndProject
Project("{9A19103F-16F7-4668-BE54-9A1E7A4F7556}") = "cc.isr.WinForms.ModelViewForm", "..\..\..\core\win.forms\src\model.view.form\model.view.form\cc.isr.WinForms.ModelViewForm.csproj", "{219DC509-EBDA-4542-B540-F8487813119C}"
EndProject
Project("{9A19103F-16F7-4668-BE54-9A1E7A4F7556}") = "cc.isr.Enums.WinControls", "..\..\..\core\enums\src\win.controls\win.controls\cc.isr.Enums.WinControls.csproj", "{FBC07B9F-DA35-4E29-B016-E537F78CEDAA}"
EndProject
Project("{9A19103F-16F7-4668-BE54-9A1E7A4F7556}") = "cc.isr.WinControls.Extensions", "..\..\..\core\win.controls\src\extensions\extensions\cc.isr.WinControls.Extensions.csproj", "{51EB1EE4-CF63-4E91-BE32-3DE8F1B18E0F}"
EndProject
Project("{9A19103F-16F7-4668-BE54-9A1E7A4F7556}") = "cc.isr.WinControls.Binding", "..\..\..\core\win.controls\src\binding\binding\cc.isr.WinControls.Binding.csproj", "{D80EC03E-C6B4-438C-8A98-F40E90D76B00}"
EndProject
Project("{9A19103F-16F7-4668-BE54-9A1E7A4F7556}") = "cc.isr.Logging.TraceLog.WinForms", "..\..\..\core\logging\src\tracelog\tracelog.win.forms\cc.isr.Logging.TraceLog.WinForms.csproj", "{6EE152DB-354C-4B0B-BED6-18ACED82CA74}"
EndProject
Project("{9A19103F-16F7-4668-BE54-9A1E7A4F7556}") = "Serilog.Enrichers.Demystify", "..\..\..\core\logging\src\serilog\enrichers.demystify\Serilog.Enrichers.Demystify.csproj", "{18CDAF6E-24F5-4F0D-8937-69591A5ADBB0}"
EndProject
Project("{9A19103F-16F7-4668-BE54-9A1E7A4F7556}") = "Serilog.Sinks.Trace", "..\..\..\core\logging\src\serilog\sinks.trace\Serilog.Sinks.Trace.csproj", "{68C1F9ED-730B-4439-A1E8-2F9E639589EC}"
EndProject
Project("{2150E333-8FDC-42A3-9474-1A3956D46DE8}") = "`docs", "`docs", "{7DB60340-1A19-41FE-A38B-2C51C86D6B34}"
	ProjectSection(SolutionItems) = preProject
		..\changelog.md = ..\changelog.md
		..\developer.md = ..\developer.md
		..\readme.md = ..\readme.md
		..\todo.md = ..\todo.md
	EndProjectSection
EndProject
Project("{9A19103F-16F7-4668-BE54-9A1E7A4F7556}") = "cc.isr.Json.AppSettings.ViewModels", "..\..\..\core\json\src\app.settings\app.settings.view.models\cc.isr.Json.AppSettings.ViewModels.csproj", "{C4176F9F-663A-4166-B40D-3177C91F5ADA}"
EndProject
Project("{9A19103F-16F7-4668-BE54-9A1E7A4F7556}") = "cc.isr.VI.Foundation", "resource\foundation\cc.isr.VI.Foundation.csproj", "{124BFEAF-D5CB-4086-8ECA-BD8E5DEAB324}"
EndProject
Project("{9A19103F-16F7-4668-BE54-9A1E7A4F7556}") = "cc.isr.VI.Device", "device\device\cc.isr.VI.Device.csproj", "{20E447BB-6696-4876-A916-D757B882C674}"
EndProject
Project("{9A19103F-16F7-4668-BE54-9A1E7A4F7556}") = "cc.isr.Std.Statistics", "..\..\..\core\std\src\statistics\statistics\cc.isr.Std.Statistics.csproj", "{3D1AA538-78D7-4115-9DF0-37F131D80D12}"
EndProject
Project("{9A19103F-16F7-4668-BE54-9A1E7A4F7556}") = "cc.isr.VI.Device.MSTest", "device\device.mstest\cc.isr.VI.Device.MSTest.csproj", "{F861F584-A121-402A-A308-ACC9BEFC04D2}"
EndProject
Project("{9A19103F-16F7-4668-BE54-9A1E7A4F7556}") = "cc.isr.Std.MSTest", "..\..\..\core\std\src\mstest\mstest\cc.isr.Std.MSTest.csproj", "{78721DE2-0808-4513-B961-D2EB18B34BB6}"
EndProject
Project("{9A19103F-16F7-4668-BE54-9A1E7A4F7556}") = "cc.isr.VI.Device.Tsp", "device\tsp\cc.isr.VI.Device.Tsp.csproj", "{C1C3A307-ECF5-4FF5-AA0A-72FCAC555964}"
EndProject
Project("{9A19103F-16F7-4668-BE54-9A1E7A4F7556}") = "cc.isr.VI.Tsp.Script", "device\tsp.script\cc.isr.VI.Tsp.Script.csproj", "{08D5FC3D-DB39-4B62-B9B8-A41874674CE1}"
EndProject
Project("{2150E333-8FDC-42A3-9474-1A3956D46DE8}") = "ui", "ui", "{57B31108-C959-4B3C-9957-F6C94C483874}"
EndProject
Project("{9A19103F-16F7-4668-BE54-9A1E7A4F7556}") = "cc.isr.VI.WinControls", "ui\win.controls\cc.isr.VI.WinControls.csproj", "{4CF5F077-3285-4693-95F2-6EC2BE13A647}"
EndProject
Project("{2150E333-8FDC-42A3-9474-1A3956D46DE8}") = "visa", "visa", "{1DE6370F-3D44-4C27-8FC0-8C5BBCACABED}"
EndProject
Project("{9A19103F-16F7-4668-BE54-9A1E7A4F7556}") = "cc.isr.Visa", "visa\visa\cc.isr.Visa.csproj", "{13CD53B6-1C32-4717-ABAD-639B2485974D}"
EndProject
Project("{9A19103F-16F7-4668-BE54-9A1E7A4F7556}") = "cc.isr.VI.WinControls.MSTest", "ui\win.controls.mstest\cc.isr.VI.WinControls.MSTest.csproj", "{36C4306E-6D4F-4BCD-9F76-40770DDDE14F}"
EndProject
Project("{9A19103F-16F7-4668-BE54-9A1E7A4F7556}") = "cc.isr.Logging.Orlog", "..\..\..\core\logging\src\orlog\orlog\cc.isr.Logging.Orlog.csproj", "{5487BF73-910B-4C5E-9E91-400280A6114C}"
EndProject
Project("{2150E333-8FDC-42A3-9474-1A3956D46DE8}") = "logging", "logging", "{BC14F434-7AF4-4FC6-B4F6-49454800F41A}"
EndProject
Project("{9A19103F-16F7-4668-BE54-9A1E7A4F7556}") = "cc.isr.VI.DeviceWinControls", "ui\device.win.controls\cc.isr.VI.DeviceWinControls.csproj", "{294CDF2F-4744-4225-888E-9B21E914E2BA}"
EndProject
Project("{2150E333-8FDC-42A3-9474-1A3956D46DE8}") = "json", "json", "{E688CE27-8BFB-4E64-9CED-EEC0DA4016A1}"
EndProject
Project("{9A19103F-16F7-4668-BE54-9A1E7A4F7556}") = "cc.isr.VI.DeviceWinControls.MSTest", "ui\device.win.controls.mstest\cc.isr.VI.DeviceWinControls.MSTest.csproj", "{2DC87AB7-A567-4C04-80A1-F20B399BD108}"
EndProject
Project("{9A19103F-16F7-4668-BE54-9A1E7A4F7556}") = "cc.isr.VI.SubsystemsWinControls", "ui\subsystems.win.controls\cc.isr.VI.SubsystemsWinControls.csproj", "{23E1EF66-FABE-4E36-86B1-F2D3972A285E}"
EndProject
Project("{9A19103F-16F7-4668-BE54-9A1E7A4F7556}") = "cc.isr.Std.EventContext", "..\..\..\core\std\src\event.context\event.context\cc.isr.Std.EventContext.csproj", "{E9968458-CD06-4464-BFA4-662B81293861}"
EndProject
Project("{9A19103F-16F7-4668-BE54-9A1E7A4F7556}") = "cc.isr.Std.Timers", "..\..\..\core\std\src\timers\timers\cc.isr.Std.Timers.csproj", "{72614C4D-5636-44E9-8FCA-430E7858B212}"
EndProject
Global
	GlobalSection(SolutionConfigurationPlatforms) = preSolution
		Debug|Any CPU = Debug|Any CPU
		Debug|x64 = Debug|x64
		Debug|x86 = Debug|x86
		Release|Any CPU = Release|Any CPU
		Release|x64 = Release|x64
		Release|x86 = Release|x86
	EndGlobalSection
	GlobalSection(ProjectConfigurationPlatforms) = postSolution
		{522DE61B-4E5D-48E9-9C24-9BF198FE640F}.Debug|Any CPU.ActiveCfg = Debug|Any CPU
		{522DE61B-4E5D-48E9-9C24-9BF198FE640F}.Debug|Any CPU.Build.0 = Debug|Any CPU
		{522DE61B-4E5D-48E9-9C24-9BF198FE640F}.Debug|x64.ActiveCfg = Debug|Any CPU
		{522DE61B-4E5D-48E9-9C24-9BF198FE640F}.Debug|x64.Build.0 = Debug|Any CPU
		{522DE61B-4E5D-48E9-9C24-9BF198FE640F}.Debug|x86.ActiveCfg = Debug|Any CPU
		{522DE61B-4E5D-48E9-9C24-9BF198FE640F}.Debug|x86.Build.0 = Debug|Any CPU
		{522DE61B-4E5D-48E9-9C24-9BF198FE640F}.Release|Any CPU.ActiveCfg = Release|Any CPU
		{522DE61B-4E5D-48E9-9C24-9BF198FE640F}.Release|Any CPU.Build.0 = Release|Any CPU
		{522DE61B-4E5D-48E9-9C24-9BF198FE640F}.Release|x64.ActiveCfg = Release|Any CPU
		{522DE61B-4E5D-48E9-9C24-9BF198FE640F}.Release|x64.Build.0 = Release|Any CPU
		{522DE61B-4E5D-48E9-9C24-9BF198FE640F}.Release|x86.ActiveCfg = Release|Any CPU
		{522DE61B-4E5D-48E9-9C24-9BF198FE640F}.Release|x86.Build.0 = Release|Any CPU
		{AF9CEE86-5774-484C-B4BA-03363AB62FE3}.Debug|Any CPU.ActiveCfg = Debug|Any CPU
		{AF9CEE86-5774-484C-B4BA-03363AB62FE3}.Debug|Any CPU.Build.0 = Debug|Any CPU
		{AF9CEE86-5774-484C-B4BA-03363AB62FE3}.Debug|x64.ActiveCfg = Debug|Any CPU
		{AF9CEE86-5774-484C-B4BA-03363AB62FE3}.Debug|x64.Build.0 = Debug|Any CPU
		{AF9CEE86-5774-484C-B4BA-03363AB62FE3}.Debug|x86.ActiveCfg = Debug|Any CPU
		{AF9CEE86-5774-484C-B4BA-03363AB62FE3}.Debug|x86.Build.0 = Debug|Any CPU
		{AF9CEE86-5774-484C-B4BA-03363AB62FE3}.Release|Any CPU.ActiveCfg = Release|Any CPU
		{AF9CEE86-5774-484C-B4BA-03363AB62FE3}.Release|Any CPU.Build.0 = Release|Any CPU
		{AF9CEE86-5774-484C-B4BA-03363AB62FE3}.Release|x64.ActiveCfg = Release|Any CPU
		{AF9CEE86-5774-484C-B4BA-03363AB62FE3}.Release|x64.Build.0 = Release|Any CPU
		{AF9CEE86-5774-484C-B4BA-03363AB62FE3}.Release|x86.ActiveCfg = Release|Any CPU
		{AF9CEE86-5774-484C-B4BA-03363AB62FE3}.Release|x86.Build.0 = Release|Any CPU
		{9BF6F86A-CAB4-48BB-83F9-68FF4D585F8B}.Debug|Any CPU.ActiveCfg = Debug|Any CPU
		{9BF6F86A-CAB4-48BB-83F9-68FF4D585F8B}.Debug|Any CPU.Build.0 = Debug|Any CPU
		{9BF6F86A-CAB4-48BB-83F9-68FF4D585F8B}.Debug|x64.ActiveCfg = Debug|Any CPU
		{9BF6F86A-CAB4-48BB-83F9-68FF4D585F8B}.Debug|x64.Build.0 = Debug|Any CPU
		{9BF6F86A-CAB4-48BB-83F9-68FF4D585F8B}.Debug|x86.ActiveCfg = Debug|Any CPU
		{9BF6F86A-CAB4-48BB-83F9-68FF4D585F8B}.Debug|x86.Build.0 = Debug|Any CPU
		{9BF6F86A-CAB4-48BB-83F9-68FF4D585F8B}.Release|Any CPU.ActiveCfg = Release|Any CPU
		{9BF6F86A-CAB4-48BB-83F9-68FF4D585F8B}.Release|Any CPU.Build.0 = Release|Any CPU
		{9BF6F86A-CAB4-48BB-83F9-68FF4D585F8B}.Release|x64.ActiveCfg = Release|Any CPU
		{9BF6F86A-CAB4-48BB-83F9-68FF4D585F8B}.Release|x64.Build.0 = Release|Any CPU
		{9BF6F86A-CAB4-48BB-83F9-68FF4D585F8B}.Release|x86.ActiveCfg = Release|Any CPU
		{9BF6F86A-CAB4-48BB-83F9-68FF4D585F8B}.Release|x86.Build.0 = Release|Any CPU
		{BFE501D6-BD56-423F-B4EF-3D57C8FA3087}.Debug|Any CPU.ActiveCfg = Debug|Any CPU
		{BFE501D6-BD56-423F-B4EF-3D57C8FA3087}.Debug|Any CPU.Build.0 = Debug|Any CPU
		{BFE501D6-BD56-423F-B4EF-3D57C8FA3087}.Debug|x64.ActiveCfg = Debug|Any CPU
		{BFE501D6-BD56-423F-B4EF-3D57C8FA3087}.Debug|x64.Build.0 = Debug|Any CPU
		{BFE501D6-BD56-423F-B4EF-3D57C8FA3087}.Debug|x86.ActiveCfg = Debug|Any CPU
		{BFE501D6-BD56-423F-B4EF-3D57C8FA3087}.Debug|x86.Build.0 = Debug|Any CPU
		{BFE501D6-BD56-423F-B4EF-3D57C8FA3087}.Release|Any CPU.ActiveCfg = Release|Any CPU
		{BFE501D6-BD56-423F-B4EF-3D57C8FA3087}.Release|Any CPU.Build.0 = Release|Any CPU
		{BFE501D6-BD56-423F-B4EF-3D57C8FA3087}.Release|x64.ActiveCfg = Release|Any CPU
		{BFE501D6-BD56-423F-B4EF-3D57C8FA3087}.Release|x64.Build.0 = Release|Any CPU
		{BFE501D6-BD56-423F-B4EF-3D57C8FA3087}.Release|x86.ActiveCfg = Release|Any CPU
		{BFE501D6-BD56-423F-B4EF-3D57C8FA3087}.Release|x86.Build.0 = Release|Any CPU
		{27DB120C-4F69-4762-A09A-07197AA78991}.Debug|Any CPU.ActiveCfg = Debug|Any CPU
		{27DB120C-4F69-4762-A09A-07197AA78991}.Debug|Any CPU.Build.0 = Debug|Any CPU
		{27DB120C-4F69-4762-A09A-07197AA78991}.Debug|x64.ActiveCfg = Debug|Any CPU
		{27DB120C-4F69-4762-A09A-07197AA78991}.Debug|x64.Build.0 = Debug|Any CPU
		{27DB120C-4F69-4762-A09A-07197AA78991}.Debug|x86.ActiveCfg = Debug|Any CPU
		{27DB120C-4F69-4762-A09A-07197AA78991}.Debug|x86.Build.0 = Debug|Any CPU
		{27DB120C-4F69-4762-A09A-07197AA78991}.Release|Any CPU.ActiveCfg = Release|Any CPU
		{27DB120C-4F69-4762-A09A-07197AA78991}.Release|Any CPU.Build.0 = Release|Any CPU
		{27DB120C-4F69-4762-A09A-07197AA78991}.Release|x64.ActiveCfg = Release|Any CPU
		{27DB120C-4F69-4762-A09A-07197AA78991}.Release|x64.Build.0 = Release|Any CPU
		{27DB120C-4F69-4762-A09A-07197AA78991}.Release|x86.ActiveCfg = Release|Any CPU
		{27DB120C-4F69-4762-A09A-07197AA78991}.Release|x86.Build.0 = Release|Any CPU
		{D31DE7BB-4E87-44F4-92B4-54484F5F69BC}.Debug|Any CPU.ActiveCfg = Debug|Any CPU
		{D31DE7BB-4E87-44F4-92B4-54484F5F69BC}.Debug|Any CPU.Build.0 = Debug|Any CPU
		{D31DE7BB-4E87-44F4-92B4-54484F5F69BC}.Debug|x64.ActiveCfg = Debug|Any CPU
		{D31DE7BB-4E87-44F4-92B4-54484F5F69BC}.Debug|x64.Build.0 = Debug|Any CPU
		{D31DE7BB-4E87-44F4-92B4-54484F5F69BC}.Debug|x86.ActiveCfg = Debug|Any CPU
		{D31DE7BB-4E87-44F4-92B4-54484F5F69BC}.Debug|x86.Build.0 = Debug|Any CPU
		{D31DE7BB-4E87-44F4-92B4-54484F5F69BC}.Release|Any CPU.ActiveCfg = Release|Any CPU
		{D31DE7BB-4E87-44F4-92B4-54484F5F69BC}.Release|Any CPU.Build.0 = Release|Any CPU
		{D31DE7BB-4E87-44F4-92B4-54484F5F69BC}.Release|x64.ActiveCfg = Release|Any CPU
		{D31DE7BB-4E87-44F4-92B4-54484F5F69BC}.Release|x64.Build.0 = Release|Any CPU
		{D31DE7BB-4E87-44F4-92B4-54484F5F69BC}.Release|x86.ActiveCfg = Release|Any CPU
		{D31DE7BB-4E87-44F4-92B4-54484F5F69BC}.Release|x86.Build.0 = Release|Any CPU
		{FA8676DB-4BDD-4125-BA09-9654D4F60475}.Debug|Any CPU.ActiveCfg = Debug|Any CPU
		{FA8676DB-4BDD-4125-BA09-9654D4F60475}.Debug|Any CPU.Build.0 = Debug|Any CPU
		{FA8676DB-4BDD-4125-BA09-9654D4F60475}.Debug|x64.ActiveCfg = Debug|Any CPU
		{FA8676DB-4BDD-4125-BA09-9654D4F60475}.Debug|x64.Build.0 = Debug|Any CPU
		{FA8676DB-4BDD-4125-BA09-9654D4F60475}.Debug|x86.ActiveCfg = Debug|Any CPU
		{FA8676DB-4BDD-4125-BA09-9654D4F60475}.Debug|x86.Build.0 = Debug|Any CPU
		{FA8676DB-4BDD-4125-BA09-9654D4F60475}.Release|Any CPU.ActiveCfg = Release|Any CPU
		{FA8676DB-4BDD-4125-BA09-9654D4F60475}.Release|Any CPU.Build.0 = Release|Any CPU
		{FA8676DB-4BDD-4125-BA09-9654D4F60475}.Release|x64.ActiveCfg = Release|Any CPU
		{FA8676DB-4BDD-4125-BA09-9654D4F60475}.Release|x64.Build.0 = Release|Any CPU
		{FA8676DB-4BDD-4125-BA09-9654D4F60475}.Release|x86.ActiveCfg = Release|Any CPU
		{FA8676DB-4BDD-4125-BA09-9654D4F60475}.Release|x86.Build.0 = Release|Any CPU
		{A11599A1-1C6B-441D-8F72-48CD4BBFE2F6}.Debug|Any CPU.ActiveCfg = Debug|Any CPU
		{A11599A1-1C6B-441D-8F72-48CD4BBFE2F6}.Debug|Any CPU.Build.0 = Debug|Any CPU
		{A11599A1-1C6B-441D-8F72-48CD4BBFE2F6}.Debug|x64.ActiveCfg = Debug|Any CPU
		{A11599A1-1C6B-441D-8F72-48CD4BBFE2F6}.Debug|x64.Build.0 = Debug|Any CPU
		{A11599A1-1C6B-441D-8F72-48CD4BBFE2F6}.Debug|x86.ActiveCfg = Debug|Any CPU
		{A11599A1-1C6B-441D-8F72-48CD4BBFE2F6}.Debug|x86.Build.0 = Debug|Any CPU
		{A11599A1-1C6B-441D-8F72-48CD4BBFE2F6}.Release|Any CPU.ActiveCfg = Release|Any CPU
		{A11599A1-1C6B-441D-8F72-48CD4BBFE2F6}.Release|Any CPU.Build.0 = Release|Any CPU
		{A11599A1-1C6B-441D-8F72-48CD4BBFE2F6}.Release|x64.ActiveCfg = Release|Any CPU
		{A11599A1-1C6B-441D-8F72-48CD4BBFE2F6}.Release|x64.Build.0 = Release|Any CPU
		{A11599A1-1C6B-441D-8F72-48CD4BBFE2F6}.Release|x86.ActiveCfg = Release|Any CPU
		{A11599A1-1C6B-441D-8F72-48CD4BBFE2F6}.Release|x86.Build.0 = Release|Any CPU
		{8BDF1790-F695-4C00-A6D5-69A092CCB95B}.Debug|Any CPU.ActiveCfg = Debug|Any CPU
		{8BDF1790-F695-4C00-A6D5-69A092CCB95B}.Debug|Any CPU.Build.0 = Debug|Any CPU
		{8BDF1790-F695-4C00-A6D5-69A092CCB95B}.Debug|x64.ActiveCfg = Debug|Any CPU
		{8BDF1790-F695-4C00-A6D5-69A092CCB95B}.Debug|x64.Build.0 = Debug|Any CPU
		{8BDF1790-F695-4C00-A6D5-69A092CCB95B}.Debug|x86.ActiveCfg = Debug|Any CPU
		{8BDF1790-F695-4C00-A6D5-69A092CCB95B}.Debug|x86.Build.0 = Debug|Any CPU
		{8BDF1790-F695-4C00-A6D5-69A092CCB95B}.Release|Any CPU.ActiveCfg = Release|Any CPU
		{8BDF1790-F695-4C00-A6D5-69A092CCB95B}.Release|Any CPU.Build.0 = Release|Any CPU
		{8BDF1790-F695-4C00-A6D5-69A092CCB95B}.Release|x64.ActiveCfg = Release|Any CPU
		{8BDF1790-F695-4C00-A6D5-69A092CCB95B}.Release|x64.Build.0 = Release|Any CPU
		{8BDF1790-F695-4C00-A6D5-69A092CCB95B}.Release|x86.ActiveCfg = Release|Any CPU
		{8BDF1790-F695-4C00-A6D5-69A092CCB95B}.Release|x86.Build.0 = Release|Any CPU
		{B271D574-77F6-4D9C-8BAE-E10BC367C437}.Debug|Any CPU.ActiveCfg = Debug|Any CPU
		{B271D574-77F6-4D9C-8BAE-E10BC367C437}.Debug|Any CPU.Build.0 = Debug|Any CPU
		{B271D574-77F6-4D9C-8BAE-E10BC367C437}.Debug|x64.ActiveCfg = Debug|Any CPU
		{B271D574-77F6-4D9C-8BAE-E10BC367C437}.Debug|x64.Build.0 = Debug|Any CPU
		{B271D574-77F6-4D9C-8BAE-E10BC367C437}.Debug|x86.ActiveCfg = Debug|Any CPU
		{B271D574-77F6-4D9C-8BAE-E10BC367C437}.Debug|x86.Build.0 = Debug|Any CPU
		{B271D574-77F6-4D9C-8BAE-E10BC367C437}.Release|Any CPU.ActiveCfg = Release|Any CPU
		{B271D574-77F6-4D9C-8BAE-E10BC367C437}.Release|Any CPU.Build.0 = Release|Any CPU
		{B271D574-77F6-4D9C-8BAE-E10BC367C437}.Release|x64.ActiveCfg = Release|Any CPU
		{B271D574-77F6-4D9C-8BAE-E10BC367C437}.Release|x64.Build.0 = Release|Any CPU
		{B271D574-77F6-4D9C-8BAE-E10BC367C437}.Release|x86.ActiveCfg = Release|Any CPU
		{B271D574-77F6-4D9C-8BAE-E10BC367C437}.Release|x86.Build.0 = Release|Any CPU
		{9EBE05B6-4EAC-4EBF-BD31-907CBC6FD97F}.Debug|Any CPU.ActiveCfg = Debug|Any CPU
		{9EBE05B6-4EAC-4EBF-BD31-907CBC6FD97F}.Debug|Any CPU.Build.0 = Debug|Any CPU
		{9EBE05B6-4EAC-4EBF-BD31-907CBC6FD97F}.Debug|x64.ActiveCfg = Debug|Any CPU
		{9EBE05B6-4EAC-4EBF-BD31-907CBC6FD97F}.Debug|x64.Build.0 = Debug|Any CPU
		{9EBE05B6-4EAC-4EBF-BD31-907CBC6FD97F}.Debug|x86.ActiveCfg = Debug|Any CPU
		{9EBE05B6-4EAC-4EBF-BD31-907CBC6FD97F}.Debug|x86.Build.0 = Debug|Any CPU
		{9EBE05B6-4EAC-4EBF-BD31-907CBC6FD97F}.Release|Any CPU.ActiveCfg = Release|Any CPU
		{9EBE05B6-4EAC-4EBF-BD31-907CBC6FD97F}.Release|Any CPU.Build.0 = Release|Any CPU
		{9EBE05B6-4EAC-4EBF-BD31-907CBC6FD97F}.Release|x64.ActiveCfg = Release|Any CPU
		{9EBE05B6-4EAC-4EBF-BD31-907CBC6FD97F}.Release|x64.Build.0 = Release|Any CPU
		{9EBE05B6-4EAC-4EBF-BD31-907CBC6FD97F}.Release|x86.ActiveCfg = Release|Any CPU
		{9EBE05B6-4EAC-4EBF-BD31-907CBC6FD97F}.Release|x86.Build.0 = Release|Any CPU
		{F02F9039-9C9B-48F7-A217-91C0D63FF2C7}.Debug|Any CPU.ActiveCfg = Debug|Any CPU
		{F02F9039-9C9B-48F7-A217-91C0D63FF2C7}.Debug|Any CPU.Build.0 = Debug|Any CPU
		{F02F9039-9C9B-48F7-A217-91C0D63FF2C7}.Debug|x64.ActiveCfg = Debug|Any CPU
		{F02F9039-9C9B-48F7-A217-91C0D63FF2C7}.Debug|x64.Build.0 = Debug|Any CPU
		{F02F9039-9C9B-48F7-A217-91C0D63FF2C7}.Debug|x86.ActiveCfg = Debug|Any CPU
		{F02F9039-9C9B-48F7-A217-91C0D63FF2C7}.Debug|x86.Build.0 = Debug|Any CPU
		{F02F9039-9C9B-48F7-A217-91C0D63FF2C7}.Release|Any CPU.ActiveCfg = Release|Any CPU
		{F02F9039-9C9B-48F7-A217-91C0D63FF2C7}.Release|Any CPU.Build.0 = Release|Any CPU
		{F02F9039-9C9B-48F7-A217-91C0D63FF2C7}.Release|x64.ActiveCfg = Release|Any CPU
		{F02F9039-9C9B-48F7-A217-91C0D63FF2C7}.Release|x64.Build.0 = Release|Any CPU
		{F02F9039-9C9B-48F7-A217-91C0D63FF2C7}.Release|x86.ActiveCfg = Release|Any CPU
		{F02F9039-9C9B-48F7-A217-91C0D63FF2C7}.Release|x86.Build.0 = Release|Any CPU
		{8E30A6F9-DE53-4123-AB58-AA800FDA9A64}.Debug|Any CPU.ActiveCfg = Debug|Any CPU
		{8E30A6F9-DE53-4123-AB58-AA800FDA9A64}.Debug|Any CPU.Build.0 = Debug|Any CPU
		{8E30A6F9-DE53-4123-AB58-AA800FDA9A64}.Debug|x64.ActiveCfg = Debug|Any CPU
		{8E30A6F9-DE53-4123-AB58-AA800FDA9A64}.Debug|x64.Build.0 = Debug|Any CPU
		{8E30A6F9-DE53-4123-AB58-AA800FDA9A64}.Debug|x86.ActiveCfg = Debug|Any CPU
		{8E30A6F9-DE53-4123-AB58-AA800FDA9A64}.Debug|x86.Build.0 = Debug|Any CPU
		{8E30A6F9-DE53-4123-AB58-AA800FDA9A64}.Release|Any CPU.ActiveCfg = Release|Any CPU
		{8E30A6F9-DE53-4123-AB58-AA800FDA9A64}.Release|Any CPU.Build.0 = Release|Any CPU
		{8E30A6F9-DE53-4123-AB58-AA800FDA9A64}.Release|x64.ActiveCfg = Release|Any CPU
		{8E30A6F9-DE53-4123-AB58-AA800FDA9A64}.Release|x64.Build.0 = Release|Any CPU
		{8E30A6F9-DE53-4123-AB58-AA800FDA9A64}.Release|x86.ActiveCfg = Release|Any CPU
		{8E30A6F9-DE53-4123-AB58-AA800FDA9A64}.Release|x86.Build.0 = Release|Any CPU
		{90F147CF-2499-4F94-BE0E-FC874323AEE3}.Debug|Any CPU.ActiveCfg = Debug|Any CPU
		{90F147CF-2499-4F94-BE0E-FC874323AEE3}.Debug|Any CPU.Build.0 = Debug|Any CPU
		{90F147CF-2499-4F94-BE0E-FC874323AEE3}.Debug|x64.ActiveCfg = Debug|Any CPU
		{90F147CF-2499-4F94-BE0E-FC874323AEE3}.Debug|x64.Build.0 = Debug|Any CPU
		{90F147CF-2499-4F94-BE0E-FC874323AEE3}.Debug|x86.ActiveCfg = Debug|Any CPU
		{90F147CF-2499-4F94-BE0E-FC874323AEE3}.Debug|x86.Build.0 = Debug|Any CPU
		{90F147CF-2499-4F94-BE0E-FC874323AEE3}.Release|Any CPU.ActiveCfg = Release|Any CPU
		{90F147CF-2499-4F94-BE0E-FC874323AEE3}.Release|Any CPU.Build.0 = Release|Any CPU
		{90F147CF-2499-4F94-BE0E-FC874323AEE3}.Release|x64.ActiveCfg = Release|Any CPU
		{90F147CF-2499-4F94-BE0E-FC874323AEE3}.Release|x64.Build.0 = Release|Any CPU
		{90F147CF-2499-4F94-BE0E-FC874323AEE3}.Release|x86.ActiveCfg = Release|Any CPU
		{90F147CF-2499-4F94-BE0E-FC874323AEE3}.Release|x86.Build.0 = Release|Any CPU
		{44472573-1E95-42FA-81DB-A1880284CA24}.Debug|Any CPU.ActiveCfg = Debug|Any CPU
		{44472573-1E95-42FA-81DB-A1880284CA24}.Debug|Any CPU.Build.0 = Debug|Any CPU
		{44472573-1E95-42FA-81DB-A1880284CA24}.Debug|x64.ActiveCfg = Debug|Any CPU
		{44472573-1E95-42FA-81DB-A1880284CA24}.Debug|x64.Build.0 = Debug|Any CPU
		{44472573-1E95-42FA-81DB-A1880284CA24}.Debug|x86.ActiveCfg = Debug|Any CPU
		{44472573-1E95-42FA-81DB-A1880284CA24}.Debug|x86.Build.0 = Debug|Any CPU
		{44472573-1E95-42FA-81DB-A1880284CA24}.Release|Any CPU.ActiveCfg = Release|Any CPU
		{44472573-1E95-42FA-81DB-A1880284CA24}.Release|Any CPU.Build.0 = Release|Any CPU
		{44472573-1E95-42FA-81DB-A1880284CA24}.Release|x64.ActiveCfg = Release|Any CPU
		{44472573-1E95-42FA-81DB-A1880284CA24}.Release|x64.Build.0 = Release|Any CPU
		{44472573-1E95-42FA-81DB-A1880284CA24}.Release|x86.ActiveCfg = Release|Any CPU
		{44472573-1E95-42FA-81DB-A1880284CA24}.Release|x86.Build.0 = Release|Any CPU
		{3B4DD5FA-890D-4A50-BB87-45E373927D89}.Debug|Any CPU.ActiveCfg = Debug|Any CPU
		{3B4DD5FA-890D-4A50-BB87-45E373927D89}.Debug|Any CPU.Build.0 = Debug|Any CPU
		{3B4DD5FA-890D-4A50-BB87-45E373927D89}.Debug|x64.ActiveCfg = Debug|Any CPU
		{3B4DD5FA-890D-4A50-BB87-45E373927D89}.Debug|x64.Build.0 = Debug|Any CPU
		{3B4DD5FA-890D-4A50-BB87-45E373927D89}.Debug|x86.ActiveCfg = Debug|Any CPU
		{3B4DD5FA-890D-4A50-BB87-45E373927D89}.Debug|x86.Build.0 = Debug|Any CPU
		{3B4DD5FA-890D-4A50-BB87-45E373927D89}.Release|Any CPU.ActiveCfg = Release|Any CPU
		{3B4DD5FA-890D-4A50-BB87-45E373927D89}.Release|Any CPU.Build.0 = Release|Any CPU
		{3B4DD5FA-890D-4A50-BB87-45E373927D89}.Release|x64.ActiveCfg = Release|Any CPU
		{3B4DD5FA-890D-4A50-BB87-45E373927D89}.Release|x64.Build.0 = Release|Any CPU
		{3B4DD5FA-890D-4A50-BB87-45E373927D89}.Release|x86.ActiveCfg = Release|Any CPU
		{3B4DD5FA-890D-4A50-BB87-45E373927D89}.Release|x86.Build.0 = Release|Any CPU
		{B7A96E08-810A-439F-97D3-03EFF86EED09}.Debug|Any CPU.ActiveCfg = Debug|Any CPU
		{B7A96E08-810A-439F-97D3-03EFF86EED09}.Debug|Any CPU.Build.0 = Debug|Any CPU
		{B7A96E08-810A-439F-97D3-03EFF86EED09}.Debug|x64.ActiveCfg = Debug|Any CPU
		{B7A96E08-810A-439F-97D3-03EFF86EED09}.Debug|x64.Build.0 = Debug|Any CPU
		{B7A96E08-810A-439F-97D3-03EFF86EED09}.Debug|x86.ActiveCfg = Debug|Any CPU
		{B7A96E08-810A-439F-97D3-03EFF86EED09}.Debug|x86.Build.0 = Debug|Any CPU
		{B7A96E08-810A-439F-97D3-03EFF86EED09}.Release|Any CPU.ActiveCfg = Release|Any CPU
		{B7A96E08-810A-439F-97D3-03EFF86EED09}.Release|Any CPU.Build.0 = Release|Any CPU
		{B7A96E08-810A-439F-97D3-03EFF86EED09}.Release|x64.ActiveCfg = Release|Any CPU
		{B7A96E08-810A-439F-97D3-03EFF86EED09}.Release|x64.Build.0 = Release|Any CPU
		{B7A96E08-810A-439F-97D3-03EFF86EED09}.Release|x86.ActiveCfg = Release|Any CPU
		{B7A96E08-810A-439F-97D3-03EFF86EED09}.Release|x86.Build.0 = Release|Any CPU
		{6529DC00-D922-4C25-BAB0-DFAF74F4D756}.Debug|Any CPU.ActiveCfg = Debug|Any CPU
		{6529DC00-D922-4C25-BAB0-DFAF74F4D756}.Debug|Any CPU.Build.0 = Debug|Any CPU
		{6529DC00-D922-4C25-BAB0-DFAF74F4D756}.Debug|x64.ActiveCfg = Debug|Any CPU
		{6529DC00-D922-4C25-BAB0-DFAF74F4D756}.Debug|x64.Build.0 = Debug|Any CPU
		{6529DC00-D922-4C25-BAB0-DFAF74F4D756}.Debug|x86.ActiveCfg = Debug|Any CPU
		{6529DC00-D922-4C25-BAB0-DFAF74F4D756}.Debug|x86.Build.0 = Debug|Any CPU
		{6529DC00-D922-4C25-BAB0-DFAF74F4D756}.Release|Any CPU.ActiveCfg = Release|Any CPU
		{6529DC00-D922-4C25-BAB0-DFAF74F4D756}.Release|Any CPU.Build.0 = Release|Any CPU
		{6529DC00-D922-4C25-BAB0-DFAF74F4D756}.Release|x64.ActiveCfg = Release|Any CPU
		{6529DC00-D922-4C25-BAB0-DFAF74F4D756}.Release|x64.Build.0 = Release|Any CPU
		{6529DC00-D922-4C25-BAB0-DFAF74F4D756}.Release|x86.ActiveCfg = Release|Any CPU
		{6529DC00-D922-4C25-BAB0-DFAF74F4D756}.Release|x86.Build.0 = Release|Any CPU
		{165583D8-719B-4512-80C0-4AD9DBAFCD09}.Debug|Any CPU.ActiveCfg = Debug|Any CPU
		{165583D8-719B-4512-80C0-4AD9DBAFCD09}.Debug|Any CPU.Build.0 = Debug|Any CPU
		{165583D8-719B-4512-80C0-4AD9DBAFCD09}.Debug|x64.ActiveCfg = Debug|Any CPU
		{165583D8-719B-4512-80C0-4AD9DBAFCD09}.Debug|x64.Build.0 = Debug|Any CPU
		{165583D8-719B-4512-80C0-4AD9DBAFCD09}.Debug|x86.ActiveCfg = Debug|Any CPU
		{165583D8-719B-4512-80C0-4AD9DBAFCD09}.Debug|x86.Build.0 = Debug|Any CPU
		{165583D8-719B-4512-80C0-4AD9DBAFCD09}.Release|Any CPU.ActiveCfg = Release|Any CPU
		{165583D8-719B-4512-80C0-4AD9DBAFCD09}.Release|Any CPU.Build.0 = Release|Any CPU
		{165583D8-719B-4512-80C0-4AD9DBAFCD09}.Release|x64.ActiveCfg = Release|Any CPU
		{165583D8-719B-4512-80C0-4AD9DBAFCD09}.Release|x64.Build.0 = Release|Any CPU
		{165583D8-719B-4512-80C0-4AD9DBAFCD09}.Release|x86.ActiveCfg = Release|Any CPU
		{165583D8-719B-4512-80C0-4AD9DBAFCD09}.Release|x86.Build.0 = Release|Any CPU
		{96422294-BBE1-4351-B852-1415FDA64FDE}.Debug|Any CPU.ActiveCfg = Debug|Any CPU
		{96422294-BBE1-4351-B852-1415FDA64FDE}.Debug|Any CPU.Build.0 = Debug|Any CPU
		{96422294-BBE1-4351-B852-1415FDA64FDE}.Debug|x64.ActiveCfg = Debug|Any CPU
		{96422294-BBE1-4351-B852-1415FDA64FDE}.Debug|x64.Build.0 = Debug|Any CPU
		{96422294-BBE1-4351-B852-1415FDA64FDE}.Debug|x86.ActiveCfg = Debug|Any CPU
		{96422294-BBE1-4351-B852-1415FDA64FDE}.Debug|x86.Build.0 = Debug|Any CPU
		{96422294-BBE1-4351-B852-1415FDA64FDE}.Release|Any CPU.ActiveCfg = Release|Any CPU
		{96422294-BBE1-4351-B852-1415FDA64FDE}.Release|Any CPU.Build.0 = Release|Any CPU
		{96422294-BBE1-4351-B852-1415FDA64FDE}.Release|x64.ActiveCfg = Release|Any CPU
		{96422294-BBE1-4351-B852-1415FDA64FDE}.Release|x64.Build.0 = Release|Any CPU
		{96422294-BBE1-4351-B852-1415FDA64FDE}.Release|x86.ActiveCfg = Release|Any CPU
		{96422294-BBE1-4351-B852-1415FDA64FDE}.Release|x86.Build.0 = Release|Any CPU
		{C0263827-D638-4832-9F5C-F8EE245C3583}.Debug|Any CPU.ActiveCfg = Debug|Any CPU
		{C0263827-D638-4832-9F5C-F8EE245C3583}.Debug|Any CPU.Build.0 = Debug|Any CPU
		{C0263827-D638-4832-9F5C-F8EE245C3583}.Debug|x64.ActiveCfg = Debug|Any CPU
		{C0263827-D638-4832-9F5C-F8EE245C3583}.Debug|x64.Build.0 = Debug|Any CPU
		{C0263827-D638-4832-9F5C-F8EE245C3583}.Debug|x86.ActiveCfg = Debug|Any CPU
		{C0263827-D638-4832-9F5C-F8EE245C3583}.Debug|x86.Build.0 = Debug|Any CPU
		{C0263827-D638-4832-9F5C-F8EE245C3583}.Release|Any CPU.ActiveCfg = Release|Any CPU
		{C0263827-D638-4832-9F5C-F8EE245C3583}.Release|Any CPU.Build.0 = Release|Any CPU
		{C0263827-D638-4832-9F5C-F8EE245C3583}.Release|x64.ActiveCfg = Release|Any CPU
		{C0263827-D638-4832-9F5C-F8EE245C3583}.Release|x64.Build.0 = Release|Any CPU
		{C0263827-D638-4832-9F5C-F8EE245C3583}.Release|x86.ActiveCfg = Release|Any CPU
		{C0263827-D638-4832-9F5C-F8EE245C3583}.Release|x86.Build.0 = Release|Any CPU
		{03CA29F2-E7E8-4A3C-AAE2-4A8AD1F64C6E}.Debug|Any CPU.ActiveCfg = Debug|Any CPU
		{03CA29F2-E7E8-4A3C-AAE2-4A8AD1F64C6E}.Debug|Any CPU.Build.0 = Debug|Any CPU
		{03CA29F2-E7E8-4A3C-AAE2-4A8AD1F64C6E}.Debug|x64.ActiveCfg = Debug|Any CPU
		{03CA29F2-E7E8-4A3C-AAE2-4A8AD1F64C6E}.Debug|x64.Build.0 = Debug|Any CPU
		{03CA29F2-E7E8-4A3C-AAE2-4A8AD1F64C6E}.Debug|x86.ActiveCfg = Debug|Any CPU
		{03CA29F2-E7E8-4A3C-AAE2-4A8AD1F64C6E}.Debug|x86.Build.0 = Debug|Any CPU
		{03CA29F2-E7E8-4A3C-AAE2-4A8AD1F64C6E}.Release|Any CPU.ActiveCfg = Release|Any CPU
		{03CA29F2-E7E8-4A3C-AAE2-4A8AD1F64C6E}.Release|Any CPU.Build.0 = Release|Any CPU
		{03CA29F2-E7E8-4A3C-AAE2-4A8AD1F64C6E}.Release|x64.ActiveCfg = Release|Any CPU
		{03CA29F2-E7E8-4A3C-AAE2-4A8AD1F64C6E}.Release|x64.Build.0 = Release|Any CPU
		{03CA29F2-E7E8-4A3C-AAE2-4A8AD1F64C6E}.Release|x86.ActiveCfg = Release|Any CPU
		{03CA29F2-E7E8-4A3C-AAE2-4A8AD1F64C6E}.Release|x86.Build.0 = Release|Any CPU
		{987A4764-44D8-4040-8D45-179FEAA45C96}.Debug|Any CPU.ActiveCfg = Debug|Any CPU
		{987A4764-44D8-4040-8D45-179FEAA45C96}.Debug|Any CPU.Build.0 = Debug|Any CPU
		{987A4764-44D8-4040-8D45-179FEAA45C96}.Debug|x64.ActiveCfg = Debug|Any CPU
		{987A4764-44D8-4040-8D45-179FEAA45C96}.Debug|x64.Build.0 = Debug|Any CPU
		{987A4764-44D8-4040-8D45-179FEAA45C96}.Debug|x86.ActiveCfg = Debug|Any CPU
		{987A4764-44D8-4040-8D45-179FEAA45C96}.Debug|x86.Build.0 = Debug|Any CPU
		{987A4764-44D8-4040-8D45-179FEAA45C96}.Release|Any CPU.ActiveCfg = Release|Any CPU
		{987A4764-44D8-4040-8D45-179FEAA45C96}.Release|Any CPU.Build.0 = Release|Any CPU
		{987A4764-44D8-4040-8D45-179FEAA45C96}.Release|x64.ActiveCfg = Release|Any CPU
		{987A4764-44D8-4040-8D45-179FEAA45C96}.Release|x64.Build.0 = Release|Any CPU
		{987A4764-44D8-4040-8D45-179FEAA45C96}.Release|x86.ActiveCfg = Release|Any CPU
		{987A4764-44D8-4040-8D45-179FEAA45C96}.Release|x86.Build.0 = Release|Any CPU
		{7DEB5E63-A523-493A-B15A-001992706EC0}.Debug|Any CPU.ActiveCfg = Debug|Any CPU
		{7DEB5E63-A523-493A-B15A-001992706EC0}.Debug|Any CPU.Build.0 = Debug|Any CPU
		{7DEB5E63-A523-493A-B15A-001992706EC0}.Debug|x64.ActiveCfg = Debug|Any CPU
		{7DEB5E63-A523-493A-B15A-001992706EC0}.Debug|x64.Build.0 = Debug|Any CPU
		{7DEB5E63-A523-493A-B15A-001992706EC0}.Debug|x86.ActiveCfg = Debug|Any CPU
		{7DEB5E63-A523-493A-B15A-001992706EC0}.Debug|x86.Build.0 = Debug|Any CPU
		{7DEB5E63-A523-493A-B15A-001992706EC0}.Release|Any CPU.ActiveCfg = Release|Any CPU
		{7DEB5E63-A523-493A-B15A-001992706EC0}.Release|Any CPU.Build.0 = Release|Any CPU
		{7DEB5E63-A523-493A-B15A-001992706EC0}.Release|x64.ActiveCfg = Release|Any CPU
		{7DEB5E63-A523-493A-B15A-001992706EC0}.Release|x64.Build.0 = Release|Any CPU
		{7DEB5E63-A523-493A-B15A-001992706EC0}.Release|x86.ActiveCfg = Release|Any CPU
		{7DEB5E63-A523-493A-B15A-001992706EC0}.Release|x86.Build.0 = Release|Any CPU
		{B1B31F09-B782-449A-AC82-2FEF0FE0297D}.Debug|Any CPU.ActiveCfg = Debug|Any CPU
		{B1B31F09-B782-449A-AC82-2FEF0FE0297D}.Debug|Any CPU.Build.0 = Debug|Any CPU
		{B1B31F09-B782-449A-AC82-2FEF0FE0297D}.Debug|x64.ActiveCfg = Debug|Any CPU
		{B1B31F09-B782-449A-AC82-2FEF0FE0297D}.Debug|x64.Build.0 = Debug|Any CPU
		{B1B31F09-B782-449A-AC82-2FEF0FE0297D}.Debug|x86.ActiveCfg = Debug|Any CPU
		{B1B31F09-B782-449A-AC82-2FEF0FE0297D}.Debug|x86.Build.0 = Debug|Any CPU
		{B1B31F09-B782-449A-AC82-2FEF0FE0297D}.Release|Any CPU.ActiveCfg = Release|Any CPU
		{B1B31F09-B782-449A-AC82-2FEF0FE0297D}.Release|Any CPU.Build.0 = Release|Any CPU
		{B1B31F09-B782-449A-AC82-2FEF0FE0297D}.Release|x64.ActiveCfg = Release|Any CPU
		{B1B31F09-B782-449A-AC82-2FEF0FE0297D}.Release|x64.Build.0 = Release|Any CPU
		{B1B31F09-B782-449A-AC82-2FEF0FE0297D}.Release|x86.ActiveCfg = Release|Any CPU
		{B1B31F09-B782-449A-AC82-2FEF0FE0297D}.Release|x86.Build.0 = Release|Any CPU
		{ADA9F645-DACA-4E82-8577-EB3D0A12BAC3}.Debug|Any CPU.ActiveCfg = Debug|Any CPU
		{ADA9F645-DACA-4E82-8577-EB3D0A12BAC3}.Debug|Any CPU.Build.0 = Debug|Any CPU
		{ADA9F645-DACA-4E82-8577-EB3D0A12BAC3}.Debug|x64.ActiveCfg = Debug|Any CPU
		{ADA9F645-DACA-4E82-8577-EB3D0A12BAC3}.Debug|x64.Build.0 = Debug|Any CPU
		{ADA9F645-DACA-4E82-8577-EB3D0A12BAC3}.Debug|x86.ActiveCfg = Debug|Any CPU
		{ADA9F645-DACA-4E82-8577-EB3D0A12BAC3}.Debug|x86.Build.0 = Debug|Any CPU
		{ADA9F645-DACA-4E82-8577-EB3D0A12BAC3}.Release|Any CPU.ActiveCfg = Release|Any CPU
		{ADA9F645-DACA-4E82-8577-EB3D0A12BAC3}.Release|Any CPU.Build.0 = Release|Any CPU
		{ADA9F645-DACA-4E82-8577-EB3D0A12BAC3}.Release|x64.ActiveCfg = Release|Any CPU
		{ADA9F645-DACA-4E82-8577-EB3D0A12BAC3}.Release|x64.Build.0 = Release|Any CPU
		{ADA9F645-DACA-4E82-8577-EB3D0A12BAC3}.Release|x86.ActiveCfg = Release|Any CPU
		{ADA9F645-DACA-4E82-8577-EB3D0A12BAC3}.Release|x86.Build.0 = Release|Any CPU
		{757C2FE0-5B7B-4946-B9FE-263BBB58A2FB}.Debug|Any CPU.ActiveCfg = Debug|Any CPU
		{757C2FE0-5B7B-4946-B9FE-263BBB58A2FB}.Debug|Any CPU.Build.0 = Debug|Any CPU
		{757C2FE0-5B7B-4946-B9FE-263BBB58A2FB}.Debug|x64.ActiveCfg = Debug|Any CPU
		{757C2FE0-5B7B-4946-B9FE-263BBB58A2FB}.Debug|x64.Build.0 = Debug|Any CPU
		{757C2FE0-5B7B-4946-B9FE-263BBB58A2FB}.Debug|x86.ActiveCfg = Debug|Any CPU
		{757C2FE0-5B7B-4946-B9FE-263BBB58A2FB}.Debug|x86.Build.0 = Debug|Any CPU
		{757C2FE0-5B7B-4946-B9FE-263BBB58A2FB}.Release|Any CPU.ActiveCfg = Release|Any CPU
		{757C2FE0-5B7B-4946-B9FE-263BBB58A2FB}.Release|Any CPU.Build.0 = Release|Any CPU
		{757C2FE0-5B7B-4946-B9FE-263BBB58A2FB}.Release|x64.ActiveCfg = Release|Any CPU
		{757C2FE0-5B7B-4946-B9FE-263BBB58A2FB}.Release|x64.Build.0 = Release|Any CPU
		{757C2FE0-5B7B-4946-B9FE-263BBB58A2FB}.Release|x86.ActiveCfg = Release|Any CPU
		{757C2FE0-5B7B-4946-B9FE-263BBB58A2FB}.Release|x86.Build.0 = Release|Any CPU
		{219DC509-EBDA-4542-B540-F8487813119C}.Debug|Any CPU.ActiveCfg = Debug|Any CPU
		{219DC509-EBDA-4542-B540-F8487813119C}.Debug|Any CPU.Build.0 = Debug|Any CPU
		{219DC509-EBDA-4542-B540-F8487813119C}.Debug|x64.ActiveCfg = Debug|Any CPU
		{219DC509-EBDA-4542-B540-F8487813119C}.Debug|x64.Build.0 = Debug|Any CPU
		{219DC509-EBDA-4542-B540-F8487813119C}.Debug|x86.ActiveCfg = Debug|Any CPU
		{219DC509-EBDA-4542-B540-F8487813119C}.Debug|x86.Build.0 = Debug|Any CPU
		{219DC509-EBDA-4542-B540-F8487813119C}.Release|Any CPU.ActiveCfg = Release|Any CPU
		{219DC509-EBDA-4542-B540-F8487813119C}.Release|Any CPU.Build.0 = Release|Any CPU
		{219DC509-EBDA-4542-B540-F8487813119C}.Release|x64.ActiveCfg = Release|Any CPU
		{219DC509-EBDA-4542-B540-F8487813119C}.Release|x64.Build.0 = Release|Any CPU
		{219DC509-EBDA-4542-B540-F8487813119C}.Release|x86.ActiveCfg = Release|Any CPU
		{219DC509-EBDA-4542-B540-F8487813119C}.Release|x86.Build.0 = Release|Any CPU
		{FBC07B9F-DA35-4E29-B016-E537F78CEDAA}.Debug|Any CPU.ActiveCfg = Debug|Any CPU
		{FBC07B9F-DA35-4E29-B016-E537F78CEDAA}.Debug|Any CPU.Build.0 = Debug|Any CPU
		{FBC07B9F-DA35-4E29-B016-E537F78CEDAA}.Debug|x64.ActiveCfg = Debug|Any CPU
		{FBC07B9F-DA35-4E29-B016-E537F78CEDAA}.Debug|x64.Build.0 = Debug|Any CPU
		{FBC07B9F-DA35-4E29-B016-E537F78CEDAA}.Debug|x86.ActiveCfg = Debug|Any CPU
		{FBC07B9F-DA35-4E29-B016-E537F78CEDAA}.Debug|x86.Build.0 = Debug|Any CPU
		{FBC07B9F-DA35-4E29-B016-E537F78CEDAA}.Release|Any CPU.ActiveCfg = Release|Any CPU
		{FBC07B9F-DA35-4E29-B016-E537F78CEDAA}.Release|Any CPU.Build.0 = Release|Any CPU
		{FBC07B9F-DA35-4E29-B016-E537F78CEDAA}.Release|x64.ActiveCfg = Release|Any CPU
		{FBC07B9F-DA35-4E29-B016-E537F78CEDAA}.Release|x64.Build.0 = Release|Any CPU
		{FBC07B9F-DA35-4E29-B016-E537F78CEDAA}.Release|x86.ActiveCfg = Release|Any CPU
		{FBC07B9F-DA35-4E29-B016-E537F78CEDAA}.Release|x86.Build.0 = Release|Any CPU
		{51EB1EE4-CF63-4E91-BE32-3DE8F1B18E0F}.Debug|Any CPU.ActiveCfg = Debug|Any CPU
		{51EB1EE4-CF63-4E91-BE32-3DE8F1B18E0F}.Debug|Any CPU.Build.0 = Debug|Any CPU
		{51EB1EE4-CF63-4E91-BE32-3DE8F1B18E0F}.Debug|x64.ActiveCfg = Debug|Any CPU
		{51EB1EE4-CF63-4E91-BE32-3DE8F1B18E0F}.Debug|x64.Build.0 = Debug|Any CPU
		{51EB1EE4-CF63-4E91-BE32-3DE8F1B18E0F}.Debug|x86.ActiveCfg = Debug|Any CPU
		{51EB1EE4-CF63-4E91-BE32-3DE8F1B18E0F}.Debug|x86.Build.0 = Debug|Any CPU
		{51EB1EE4-CF63-4E91-BE32-3DE8F1B18E0F}.Release|Any CPU.ActiveCfg = Release|Any CPU
		{51EB1EE4-CF63-4E91-BE32-3DE8F1B18E0F}.Release|Any CPU.Build.0 = Release|Any CPU
		{51EB1EE4-CF63-4E91-BE32-3DE8F1B18E0F}.Release|x64.ActiveCfg = Release|Any CPU
		{51EB1EE4-CF63-4E91-BE32-3DE8F1B18E0F}.Release|x64.Build.0 = Release|Any CPU
		{51EB1EE4-CF63-4E91-BE32-3DE8F1B18E0F}.Release|x86.ActiveCfg = Release|Any CPU
		{51EB1EE4-CF63-4E91-BE32-3DE8F1B18E0F}.Release|x86.Build.0 = Release|Any CPU
		{D80EC03E-C6B4-438C-8A98-F40E90D76B00}.Debug|Any CPU.ActiveCfg = Debug|Any CPU
		{D80EC03E-C6B4-438C-8A98-F40E90D76B00}.Debug|Any CPU.Build.0 = Debug|Any CPU
		{D80EC03E-C6B4-438C-8A98-F40E90D76B00}.Debug|x64.ActiveCfg = Debug|Any CPU
		{D80EC03E-C6B4-438C-8A98-F40E90D76B00}.Debug|x64.Build.0 = Debug|Any CPU
		{D80EC03E-C6B4-438C-8A98-F40E90D76B00}.Debug|x86.ActiveCfg = Debug|Any CPU
		{D80EC03E-C6B4-438C-8A98-F40E90D76B00}.Debug|x86.Build.0 = Debug|Any CPU
		{D80EC03E-C6B4-438C-8A98-F40E90D76B00}.Release|Any CPU.ActiveCfg = Release|Any CPU
		{D80EC03E-C6B4-438C-8A98-F40E90D76B00}.Release|Any CPU.Build.0 = Release|Any CPU
		{D80EC03E-C6B4-438C-8A98-F40E90D76B00}.Release|x64.ActiveCfg = Release|Any CPU
		{D80EC03E-C6B4-438C-8A98-F40E90D76B00}.Release|x64.Build.0 = Release|Any CPU
		{D80EC03E-C6B4-438C-8A98-F40E90D76B00}.Release|x86.ActiveCfg = Release|Any CPU
		{D80EC03E-C6B4-438C-8A98-F40E90D76B00}.Release|x86.Build.0 = Release|Any CPU
		{6EE152DB-354C-4B0B-BED6-18ACED82CA74}.Debug|Any CPU.ActiveCfg = Debug|Any CPU
		{6EE152DB-354C-4B0B-BED6-18ACED82CA74}.Debug|Any CPU.Build.0 = Debug|Any CPU
		{6EE152DB-354C-4B0B-BED6-18ACED82CA74}.Debug|x64.ActiveCfg = Debug|Any CPU
		{6EE152DB-354C-4B0B-BED6-18ACED82CA74}.Debug|x64.Build.0 = Debug|Any CPU
		{6EE152DB-354C-4B0B-BED6-18ACED82CA74}.Debug|x86.ActiveCfg = Debug|Any CPU
		{6EE152DB-354C-4B0B-BED6-18ACED82CA74}.Debug|x86.Build.0 = Debug|Any CPU
		{6EE152DB-354C-4B0B-BED6-18ACED82CA74}.Release|Any CPU.ActiveCfg = Release|Any CPU
		{6EE152DB-354C-4B0B-BED6-18ACED82CA74}.Release|Any CPU.Build.0 = Release|Any CPU
		{6EE152DB-354C-4B0B-BED6-18ACED82CA74}.Release|x64.ActiveCfg = Release|Any CPU
		{6EE152DB-354C-4B0B-BED6-18ACED82CA74}.Release|x64.Build.0 = Release|Any CPU
		{6EE152DB-354C-4B0B-BED6-18ACED82CA74}.Release|x86.ActiveCfg = Release|Any CPU
		{6EE152DB-354C-4B0B-BED6-18ACED82CA74}.Release|x86.Build.0 = Release|Any CPU
		{18CDAF6E-24F5-4F0D-8937-69591A5ADBB0}.Debug|Any CPU.ActiveCfg = Debug|Any CPU
		{18CDAF6E-24F5-4F0D-8937-69591A5ADBB0}.Debug|Any CPU.Build.0 = Debug|Any CPU
		{18CDAF6E-24F5-4F0D-8937-69591A5ADBB0}.Debug|x64.ActiveCfg = Debug|Any CPU
		{18CDAF6E-24F5-4F0D-8937-69591A5ADBB0}.Debug|x64.Build.0 = Debug|Any CPU
		{18CDAF6E-24F5-4F0D-8937-69591A5ADBB0}.Debug|x86.ActiveCfg = Debug|Any CPU
		{18CDAF6E-24F5-4F0D-8937-69591A5ADBB0}.Debug|x86.Build.0 = Debug|Any CPU
		{18CDAF6E-24F5-4F0D-8937-69591A5ADBB0}.Release|Any CPU.ActiveCfg = Release|Any CPU
		{18CDAF6E-24F5-4F0D-8937-69591A5ADBB0}.Release|Any CPU.Build.0 = Release|Any CPU
		{18CDAF6E-24F5-4F0D-8937-69591A5ADBB0}.Release|x64.ActiveCfg = Release|Any CPU
		{18CDAF6E-24F5-4F0D-8937-69591A5ADBB0}.Release|x64.Build.0 = Release|Any CPU
		{18CDAF6E-24F5-4F0D-8937-69591A5ADBB0}.Release|x86.ActiveCfg = Release|Any CPU
		{18CDAF6E-24F5-4F0D-8937-69591A5ADBB0}.Release|x86.Build.0 = Release|Any CPU
		{68C1F9ED-730B-4439-A1E8-2F9E639589EC}.Debug|Any CPU.ActiveCfg = Debug|Any CPU
		{68C1F9ED-730B-4439-A1E8-2F9E639589EC}.Debug|Any CPU.Build.0 = Debug|Any CPU
		{68C1F9ED-730B-4439-A1E8-2F9E639589EC}.Debug|x64.ActiveCfg = Debug|Any CPU
		{68C1F9ED-730B-4439-A1E8-2F9E639589EC}.Debug|x64.Build.0 = Debug|Any CPU
		{68C1F9ED-730B-4439-A1E8-2F9E639589EC}.Debug|x86.ActiveCfg = Debug|Any CPU
		{68C1F9ED-730B-4439-A1E8-2F9E639589EC}.Debug|x86.Build.0 = Debug|Any CPU
		{68C1F9ED-730B-4439-A1E8-2F9E639589EC}.Release|Any CPU.ActiveCfg = Release|Any CPU
		{68C1F9ED-730B-4439-A1E8-2F9E639589EC}.Release|Any CPU.Build.0 = Release|Any CPU
		{68C1F9ED-730B-4439-A1E8-2F9E639589EC}.Release|x64.ActiveCfg = Release|Any CPU
		{68C1F9ED-730B-4439-A1E8-2F9E639589EC}.Release|x64.Build.0 = Release|Any CPU
		{68C1F9ED-730B-4439-A1E8-2F9E639589EC}.Release|x86.ActiveCfg = Release|Any CPU
		{68C1F9ED-730B-4439-A1E8-2F9E639589EC}.Release|x86.Build.0 = Release|Any CPU
		{C4176F9F-663A-4166-B40D-3177C91F5ADA}.Debug|Any CPU.ActiveCfg = Debug|Any CPU
		{C4176F9F-663A-4166-B40D-3177C91F5ADA}.Debug|Any CPU.Build.0 = Debug|Any CPU
		{C4176F9F-663A-4166-B40D-3177C91F5ADA}.Debug|x64.ActiveCfg = Debug|Any CPU
		{C4176F9F-663A-4166-B40D-3177C91F5ADA}.Debug|x64.Build.0 = Debug|Any CPU
		{C4176F9F-663A-4166-B40D-3177C91F5ADA}.Debug|x86.ActiveCfg = Debug|Any CPU
		{C4176F9F-663A-4166-B40D-3177C91F5ADA}.Debug|x86.Build.0 = Debug|Any CPU
		{C4176F9F-663A-4166-B40D-3177C91F5ADA}.Release|Any CPU.ActiveCfg = Release|Any CPU
		{C4176F9F-663A-4166-B40D-3177C91F5ADA}.Release|Any CPU.Build.0 = Release|Any CPU
		{C4176F9F-663A-4166-B40D-3177C91F5ADA}.Release|x64.ActiveCfg = Release|Any CPU
		{C4176F9F-663A-4166-B40D-3177C91F5ADA}.Release|x64.Build.0 = Release|Any CPU
		{C4176F9F-663A-4166-B40D-3177C91F5ADA}.Release|x86.ActiveCfg = Release|Any CPU
		{C4176F9F-663A-4166-B40D-3177C91F5ADA}.Release|x86.Build.0 = Release|Any CPU
		{124BFEAF-D5CB-4086-8ECA-BD8E5DEAB324}.Debug|Any CPU.ActiveCfg = Debug|Any CPU
		{124BFEAF-D5CB-4086-8ECA-BD8E5DEAB324}.Debug|Any CPU.Build.0 = Debug|Any CPU
		{124BFEAF-D5CB-4086-8ECA-BD8E5DEAB324}.Debug|x64.ActiveCfg = Debug|Any CPU
		{124BFEAF-D5CB-4086-8ECA-BD8E5DEAB324}.Debug|x64.Build.0 = Debug|Any CPU
		{124BFEAF-D5CB-4086-8ECA-BD8E5DEAB324}.Debug|x86.ActiveCfg = Debug|Any CPU
		{124BFEAF-D5CB-4086-8ECA-BD8E5DEAB324}.Debug|x86.Build.0 = Debug|Any CPU
		{124BFEAF-D5CB-4086-8ECA-BD8E5DEAB324}.Release|Any CPU.ActiveCfg = Release|Any CPU
		{124BFEAF-D5CB-4086-8ECA-BD8E5DEAB324}.Release|Any CPU.Build.0 = Release|Any CPU
		{124BFEAF-D5CB-4086-8ECA-BD8E5DEAB324}.Release|x64.ActiveCfg = Release|Any CPU
		{124BFEAF-D5CB-4086-8ECA-BD8E5DEAB324}.Release|x64.Build.0 = Release|Any CPU
		{124BFEAF-D5CB-4086-8ECA-BD8E5DEAB324}.Release|x86.ActiveCfg = Release|Any CPU
		{124BFEAF-D5CB-4086-8ECA-BD8E5DEAB324}.Release|x86.Build.0 = Release|Any CPU
		{20E447BB-6696-4876-A916-D757B882C674}.Debug|Any CPU.ActiveCfg = Debug|Any CPU
		{20E447BB-6696-4876-A916-D757B882C674}.Debug|Any CPU.Build.0 = Debug|Any CPU
		{20E447BB-6696-4876-A916-D757B882C674}.Debug|x64.ActiveCfg = Debug|Any CPU
		{20E447BB-6696-4876-A916-D757B882C674}.Debug|x64.Build.0 = Debug|Any CPU
		{20E447BB-6696-4876-A916-D757B882C674}.Debug|x86.ActiveCfg = Debug|Any CPU
		{20E447BB-6696-4876-A916-D757B882C674}.Debug|x86.Build.0 = Debug|Any CPU
		{20E447BB-6696-4876-A916-D757B882C674}.Release|Any CPU.ActiveCfg = Release|Any CPU
		{20E447BB-6696-4876-A916-D757B882C674}.Release|Any CPU.Build.0 = Release|Any CPU
		{20E447BB-6696-4876-A916-D757B882C674}.Release|x64.ActiveCfg = Release|Any CPU
		{20E447BB-6696-4876-A916-D757B882C674}.Release|x64.Build.0 = Release|Any CPU
		{20E447BB-6696-4876-A916-D757B882C674}.Release|x86.ActiveCfg = Release|Any CPU
		{20E447BB-6696-4876-A916-D757B882C674}.Release|x86.Build.0 = Release|Any CPU
		{3D1AA538-78D7-4115-9DF0-37F131D80D12}.Debug|Any CPU.ActiveCfg = Debug|Any CPU
		{3D1AA538-78D7-4115-9DF0-37F131D80D12}.Debug|Any CPU.Build.0 = Debug|Any CPU
		{3D1AA538-78D7-4115-9DF0-37F131D80D12}.Debug|x64.ActiveCfg = Debug|Any CPU
		{3D1AA538-78D7-4115-9DF0-37F131D80D12}.Debug|x64.Build.0 = Debug|Any CPU
		{3D1AA538-78D7-4115-9DF0-37F131D80D12}.Debug|x86.ActiveCfg = Debug|Any CPU
		{3D1AA538-78D7-4115-9DF0-37F131D80D12}.Debug|x86.Build.0 = Debug|Any CPU
		{3D1AA538-78D7-4115-9DF0-37F131D80D12}.Release|Any CPU.ActiveCfg = Release|Any CPU
		{3D1AA538-78D7-4115-9DF0-37F131D80D12}.Release|Any CPU.Build.0 = Release|Any CPU
		{3D1AA538-78D7-4115-9DF0-37F131D80D12}.Release|x64.ActiveCfg = Release|Any CPU
		{3D1AA538-78D7-4115-9DF0-37F131D80D12}.Release|x64.Build.0 = Release|Any CPU
		{3D1AA538-78D7-4115-9DF0-37F131D80D12}.Release|x86.ActiveCfg = Release|Any CPU
		{3D1AA538-78D7-4115-9DF0-37F131D80D12}.Release|x86.Build.0 = Release|Any CPU
		{F861F584-A121-402A-A308-ACC9BEFC04D2}.Debug|Any CPU.ActiveCfg = Debug|Any CPU
		{F861F584-A121-402A-A308-ACC9BEFC04D2}.Debug|Any CPU.Build.0 = Debug|Any CPU
		{F861F584-A121-402A-A308-ACC9BEFC04D2}.Debug|x64.ActiveCfg = Debug|Any CPU
		{F861F584-A121-402A-A308-ACC9BEFC04D2}.Debug|x64.Build.0 = Debug|Any CPU
		{F861F584-A121-402A-A308-ACC9BEFC04D2}.Debug|x86.ActiveCfg = Debug|Any CPU
		{F861F584-A121-402A-A308-ACC9BEFC04D2}.Debug|x86.Build.0 = Debug|Any CPU
		{F861F584-A121-402A-A308-ACC9BEFC04D2}.Release|Any CPU.ActiveCfg = Release|Any CPU
		{F861F584-A121-402A-A308-ACC9BEFC04D2}.Release|Any CPU.Build.0 = Release|Any CPU
		{F861F584-A121-402A-A308-ACC9BEFC04D2}.Release|x64.ActiveCfg = Release|Any CPU
		{F861F584-A121-402A-A308-ACC9BEFC04D2}.Release|x64.Build.0 = Release|Any CPU
		{F861F584-A121-402A-A308-ACC9BEFC04D2}.Release|x86.ActiveCfg = Release|Any CPU
		{F861F584-A121-402A-A308-ACC9BEFC04D2}.Release|x86.Build.0 = Release|Any CPU
		{78721DE2-0808-4513-B961-D2EB18B34BB6}.Debug|Any CPU.ActiveCfg = Debug|Any CPU
		{78721DE2-0808-4513-B961-D2EB18B34BB6}.Debug|Any CPU.Build.0 = Debug|Any CPU
		{78721DE2-0808-4513-B961-D2EB18B34BB6}.Debug|x64.ActiveCfg = Debug|Any CPU
		{78721DE2-0808-4513-B961-D2EB18B34BB6}.Debug|x64.Build.0 = Debug|Any CPU
		{78721DE2-0808-4513-B961-D2EB18B34BB6}.Debug|x86.ActiveCfg = Debug|Any CPU
		{78721DE2-0808-4513-B961-D2EB18B34BB6}.Debug|x86.Build.0 = Debug|Any CPU
		{78721DE2-0808-4513-B961-D2EB18B34BB6}.Release|Any CPU.ActiveCfg = Release|Any CPU
		{78721DE2-0808-4513-B961-D2EB18B34BB6}.Release|Any CPU.Build.0 = Release|Any CPU
		{78721DE2-0808-4513-B961-D2EB18B34BB6}.Release|x64.ActiveCfg = Release|Any CPU
		{78721DE2-0808-4513-B961-D2EB18B34BB6}.Release|x64.Build.0 = Release|Any CPU
		{78721DE2-0808-4513-B961-D2EB18B34BB6}.Release|x86.ActiveCfg = Release|Any CPU
		{78721DE2-0808-4513-B961-D2EB18B34BB6}.Release|x86.Build.0 = Release|Any CPU
		{C1C3A307-ECF5-4FF5-AA0A-72FCAC555964}.Debug|Any CPU.ActiveCfg = Debug|Any CPU
		{C1C3A307-ECF5-4FF5-AA0A-72FCAC555964}.Debug|Any CPU.Build.0 = Debug|Any CPU
		{C1C3A307-ECF5-4FF5-AA0A-72FCAC555964}.Debug|x64.ActiveCfg = Debug|Any CPU
		{C1C3A307-ECF5-4FF5-AA0A-72FCAC555964}.Debug|x64.Build.0 = Debug|Any CPU
		{C1C3A307-ECF5-4FF5-AA0A-72FCAC555964}.Debug|x86.ActiveCfg = Debug|Any CPU
		{C1C3A307-ECF5-4FF5-AA0A-72FCAC555964}.Debug|x86.Build.0 = Debug|Any CPU
		{C1C3A307-ECF5-4FF5-AA0A-72FCAC555964}.Release|Any CPU.ActiveCfg = Release|Any CPU
		{C1C3A307-ECF5-4FF5-AA0A-72FCAC555964}.Release|Any CPU.Build.0 = Release|Any CPU
		{C1C3A307-ECF5-4FF5-AA0A-72FCAC555964}.Release|x64.ActiveCfg = Release|Any CPU
		{C1C3A307-ECF5-4FF5-AA0A-72FCAC555964}.Release|x64.Build.0 = Release|Any CPU
		{C1C3A307-ECF5-4FF5-AA0A-72FCAC555964}.Release|x86.ActiveCfg = Release|Any CPU
		{C1C3A307-ECF5-4FF5-AA0A-72FCAC555964}.Release|x86.Build.0 = Release|Any CPU
		{08D5FC3D-DB39-4B62-B9B8-A41874674CE1}.Debug|Any CPU.ActiveCfg = Debug|Any CPU
		{08D5FC3D-DB39-4B62-B9B8-A41874674CE1}.Debug|Any CPU.Build.0 = Debug|Any CPU
		{08D5FC3D-DB39-4B62-B9B8-A41874674CE1}.Debug|x64.ActiveCfg = Debug|Any CPU
		{08D5FC3D-DB39-4B62-B9B8-A41874674CE1}.Debug|x64.Build.0 = Debug|Any CPU
		{08D5FC3D-DB39-4B62-B9B8-A41874674CE1}.Debug|x86.ActiveCfg = Debug|Any CPU
		{08D5FC3D-DB39-4B62-B9B8-A41874674CE1}.Debug|x86.Build.0 = Debug|Any CPU
		{08D5FC3D-DB39-4B62-B9B8-A41874674CE1}.Release|Any CPU.ActiveCfg = Release|Any CPU
		{08D5FC3D-DB39-4B62-B9B8-A41874674CE1}.Release|Any CPU.Build.0 = Release|Any CPU
		{08D5FC3D-DB39-4B62-B9B8-A41874674CE1}.Release|x64.ActiveCfg = Release|Any CPU
		{08D5FC3D-DB39-4B62-B9B8-A41874674CE1}.Release|x64.Build.0 = Release|Any CPU
		{08D5FC3D-DB39-4B62-B9B8-A41874674CE1}.Release|x86.ActiveCfg = Release|Any CPU
		{08D5FC3D-DB39-4B62-B9B8-A41874674CE1}.Release|x86.Build.0 = Release|Any CPU
		{4CF5F077-3285-4693-95F2-6EC2BE13A647}.Debug|Any CPU.ActiveCfg = Debug|Any CPU
		{4CF5F077-3285-4693-95F2-6EC2BE13A647}.Debug|Any CPU.Build.0 = Debug|Any CPU
		{4CF5F077-3285-4693-95F2-6EC2BE13A647}.Debug|x64.ActiveCfg = Debug|Any CPU
		{4CF5F077-3285-4693-95F2-6EC2BE13A647}.Debug|x64.Build.0 = Debug|Any CPU
		{4CF5F077-3285-4693-95F2-6EC2BE13A647}.Debug|x86.ActiveCfg = Debug|Any CPU
		{4CF5F077-3285-4693-95F2-6EC2BE13A647}.Debug|x86.Build.0 = Debug|Any CPU
		{4CF5F077-3285-4693-95F2-6EC2BE13A647}.Release|Any CPU.ActiveCfg = Release|Any CPU
		{4CF5F077-3285-4693-95F2-6EC2BE13A647}.Release|Any CPU.Build.0 = Release|Any CPU
		{4CF5F077-3285-4693-95F2-6EC2BE13A647}.Release|x64.ActiveCfg = Release|Any CPU
		{4CF5F077-3285-4693-95F2-6EC2BE13A647}.Release|x64.Build.0 = Release|Any CPU
		{4CF5F077-3285-4693-95F2-6EC2BE13A647}.Release|x86.ActiveCfg = Release|Any CPU
		{4CF5F077-3285-4693-95F2-6EC2BE13A647}.Release|x86.Build.0 = Release|Any CPU
		{13CD53B6-1C32-4717-ABAD-639B2485974D}.Debug|Any CPU.ActiveCfg = Debug|Any CPU
		{13CD53B6-1C32-4717-ABAD-639B2485974D}.Debug|Any CPU.Build.0 = Debug|Any CPU
		{13CD53B6-1C32-4717-ABAD-639B2485974D}.Debug|x64.ActiveCfg = Debug|Any CPU
		{13CD53B6-1C32-4717-ABAD-639B2485974D}.Debug|x64.Build.0 = Debug|Any CPU
		{13CD53B6-1C32-4717-ABAD-639B2485974D}.Debug|x86.ActiveCfg = Debug|Any CPU
		{13CD53B6-1C32-4717-ABAD-639B2485974D}.Debug|x86.Build.0 = Debug|Any CPU
		{13CD53B6-1C32-4717-ABAD-639B2485974D}.Release|Any CPU.ActiveCfg = Release|Any CPU
		{13CD53B6-1C32-4717-ABAD-639B2485974D}.Release|Any CPU.Build.0 = Release|Any CPU
		{13CD53B6-1C32-4717-ABAD-639B2485974D}.Release|x64.ActiveCfg = Release|Any CPU
		{13CD53B6-1C32-4717-ABAD-639B2485974D}.Release|x64.Build.0 = Release|Any CPU
		{13CD53B6-1C32-4717-ABAD-639B2485974D}.Release|x86.ActiveCfg = Release|Any CPU
		{13CD53B6-1C32-4717-ABAD-639B2485974D}.Release|x86.Build.0 = Release|Any CPU
		{36C4306E-6D4F-4BCD-9F76-40770DDDE14F}.Debug|Any CPU.ActiveCfg = Debug|Any CPU
		{36C4306E-6D4F-4BCD-9F76-40770DDDE14F}.Debug|Any CPU.Build.0 = Debug|Any CPU
		{36C4306E-6D4F-4BCD-9F76-40770DDDE14F}.Debug|x64.ActiveCfg = Debug|Any CPU
		{36C4306E-6D4F-4BCD-9F76-40770DDDE14F}.Debug|x64.Build.0 = Debug|Any CPU
		{36C4306E-6D4F-4BCD-9F76-40770DDDE14F}.Debug|x86.ActiveCfg = Debug|Any CPU
		{36C4306E-6D4F-4BCD-9F76-40770DDDE14F}.Debug|x86.Build.0 = Debug|Any CPU
		{36C4306E-6D4F-4BCD-9F76-40770DDDE14F}.Release|Any CPU.ActiveCfg = Release|Any CPU
		{36C4306E-6D4F-4BCD-9F76-40770DDDE14F}.Release|Any CPU.Build.0 = Release|Any CPU
		{36C4306E-6D4F-4BCD-9F76-40770DDDE14F}.Release|x64.ActiveCfg = Release|Any CPU
		{36C4306E-6D4F-4BCD-9F76-40770DDDE14F}.Release|x64.Build.0 = Release|Any CPU
		{36C4306E-6D4F-4BCD-9F76-40770DDDE14F}.Release|x86.ActiveCfg = Release|Any CPU
		{36C4306E-6D4F-4BCD-9F76-40770DDDE14F}.Release|x86.Build.0 = Release|Any CPU
		{5487BF73-910B-4C5E-9E91-400280A6114C}.Debug|Any CPU.ActiveCfg = Debug|Any CPU
		{5487BF73-910B-4C5E-9E91-400280A6114C}.Debug|Any CPU.Build.0 = Debug|Any CPU
		{5487BF73-910B-4C5E-9E91-400280A6114C}.Debug|x64.ActiveCfg = Debug|Any CPU
		{5487BF73-910B-4C5E-9E91-400280A6114C}.Debug|x64.Build.0 = Debug|Any CPU
		{5487BF73-910B-4C5E-9E91-400280A6114C}.Debug|x86.ActiveCfg = Debug|Any CPU
		{5487BF73-910B-4C5E-9E91-400280A6114C}.Debug|x86.Build.0 = Debug|Any CPU
		{5487BF73-910B-4C5E-9E91-400280A6114C}.Release|Any CPU.ActiveCfg = Release|Any CPU
		{5487BF73-910B-4C5E-9E91-400280A6114C}.Release|Any CPU.Build.0 = Release|Any CPU
		{5487BF73-910B-4C5E-9E91-400280A6114C}.Release|x64.ActiveCfg = Release|Any CPU
		{5487BF73-910B-4C5E-9E91-400280A6114C}.Release|x64.Build.0 = Release|Any CPU
		{5487BF73-910B-4C5E-9E91-400280A6114C}.Release|x86.ActiveCfg = Release|Any CPU
		{5487BF73-910B-4C5E-9E91-400280A6114C}.Release|x86.Build.0 = Release|Any CPU
		{294CDF2F-4744-4225-888E-9B21E914E2BA}.Debug|Any CPU.ActiveCfg = Debug|Any CPU
		{294CDF2F-4744-4225-888E-9B21E914E2BA}.Debug|Any CPU.Build.0 = Debug|Any CPU
		{294CDF2F-4744-4225-888E-9B21E914E2BA}.Debug|x64.ActiveCfg = Debug|Any CPU
		{294CDF2F-4744-4225-888E-9B21E914E2BA}.Debug|x64.Build.0 = Debug|Any CPU
		{294CDF2F-4744-4225-888E-9B21E914E2BA}.Debug|x86.ActiveCfg = Debug|Any CPU
		{294CDF2F-4744-4225-888E-9B21E914E2BA}.Debug|x86.Build.0 = Debug|Any CPU
		{294CDF2F-4744-4225-888E-9B21E914E2BA}.Release|Any CPU.ActiveCfg = Release|Any CPU
		{294CDF2F-4744-4225-888E-9B21E914E2BA}.Release|Any CPU.Build.0 = Release|Any CPU
		{294CDF2F-4744-4225-888E-9B21E914E2BA}.Release|x64.ActiveCfg = Release|Any CPU
		{294CDF2F-4744-4225-888E-9B21E914E2BA}.Release|x64.Build.0 = Release|Any CPU
		{294CDF2F-4744-4225-888E-9B21E914E2BA}.Release|x86.ActiveCfg = Release|Any CPU
		{294CDF2F-4744-4225-888E-9B21E914E2BA}.Release|x86.Build.0 = Release|Any CPU
		{2DC87AB7-A567-4C04-80A1-F20B399BD108}.Debug|Any CPU.ActiveCfg = Debug|Any CPU
		{2DC87AB7-A567-4C04-80A1-F20B399BD108}.Debug|Any CPU.Build.0 = Debug|Any CPU
		{2DC87AB7-A567-4C04-80A1-F20B399BD108}.Debug|x64.ActiveCfg = Debug|Any CPU
		{2DC87AB7-A567-4C04-80A1-F20B399BD108}.Debug|x64.Build.0 = Debug|Any CPU
		{2DC87AB7-A567-4C04-80A1-F20B399BD108}.Debug|x86.ActiveCfg = Debug|Any CPU
		{2DC87AB7-A567-4C04-80A1-F20B399BD108}.Debug|x86.Build.0 = Debug|Any CPU
		{2DC87AB7-A567-4C04-80A1-F20B399BD108}.Release|Any CPU.ActiveCfg = Release|Any CPU
		{2DC87AB7-A567-4C04-80A1-F20B399BD108}.Release|Any CPU.Build.0 = Release|Any CPU
		{2DC87AB7-A567-4C04-80A1-F20B399BD108}.Release|x64.ActiveCfg = Release|Any CPU
		{2DC87AB7-A567-4C04-80A1-F20B399BD108}.Release|x64.Build.0 = Release|Any CPU
		{2DC87AB7-A567-4C04-80A1-F20B399BD108}.Release|x86.ActiveCfg = Release|Any CPU
		{2DC87AB7-A567-4C04-80A1-F20B399BD108}.Release|x86.Build.0 = Release|Any CPU
		{23E1EF66-FABE-4E36-86B1-F2D3972A285E}.Debug|Any CPU.ActiveCfg = Debug|Any CPU
		{23E1EF66-FABE-4E36-86B1-F2D3972A285E}.Debug|Any CPU.Build.0 = Debug|Any CPU
		{23E1EF66-FABE-4E36-86B1-F2D3972A285E}.Debug|x64.ActiveCfg = Debug|Any CPU
		{23E1EF66-FABE-4E36-86B1-F2D3972A285E}.Debug|x64.Build.0 = Debug|Any CPU
		{23E1EF66-FABE-4E36-86B1-F2D3972A285E}.Debug|x86.ActiveCfg = Debug|Any CPU
		{23E1EF66-FABE-4E36-86B1-F2D3972A285E}.Debug|x86.Build.0 = Debug|Any CPU
		{23E1EF66-FABE-4E36-86B1-F2D3972A285E}.Release|Any CPU.ActiveCfg = Release|Any CPU
		{23E1EF66-FABE-4E36-86B1-F2D3972A285E}.Release|Any CPU.Build.0 = Release|Any CPU
		{23E1EF66-FABE-4E36-86B1-F2D3972A285E}.Release|x64.ActiveCfg = Release|Any CPU
		{23E1EF66-FABE-4E36-86B1-F2D3972A285E}.Release|x64.Build.0 = Release|Any CPU
		{23E1EF66-FABE-4E36-86B1-F2D3972A285E}.Release|x86.ActiveCfg = Release|Any CPU
		{23E1EF66-FABE-4E36-86B1-F2D3972A285E}.Release|x86.Build.0 = Release|Any CPU
		{E9968458-CD06-4464-BFA4-662B81293861}.Debug|Any CPU.ActiveCfg = Debug|Any CPU
		{E9968458-CD06-4464-BFA4-662B81293861}.Debug|Any CPU.Build.0 = Debug|Any CPU
		{E9968458-CD06-4464-BFA4-662B81293861}.Debug|x64.ActiveCfg = Debug|Any CPU
		{E9968458-CD06-4464-BFA4-662B81293861}.Debug|x64.Build.0 = Debug|Any CPU
		{E9968458-CD06-4464-BFA4-662B81293861}.Debug|x86.ActiveCfg = Debug|Any CPU
		{E9968458-CD06-4464-BFA4-662B81293861}.Debug|x86.Build.0 = Debug|Any CPU
		{E9968458-CD06-4464-BFA4-662B81293861}.Release|Any CPU.ActiveCfg = Release|Any CPU
		{E9968458-CD06-4464-BFA4-662B81293861}.Release|Any CPU.Build.0 = Release|Any CPU
		{E9968458-CD06-4464-BFA4-662B81293861}.Release|x64.ActiveCfg = Release|Any CPU
		{E9968458-CD06-4464-BFA4-662B81293861}.Release|x64.Build.0 = Release|Any CPU
		{E9968458-CD06-4464-BFA4-662B81293861}.Release|x86.ActiveCfg = Release|Any CPU
		{E9968458-CD06-4464-BFA4-662B81293861}.Release|x86.Build.0 = Release|Any CPU
		{72614C4D-5636-44E9-8FCA-430E7858B212}.Debug|Any CPU.ActiveCfg = Debug|Any CPU
		{72614C4D-5636-44E9-8FCA-430E7858B212}.Debug|Any CPU.Build.0 = Debug|Any CPU
		{72614C4D-5636-44E9-8FCA-430E7858B212}.Debug|x64.ActiveCfg = Debug|Any CPU
		{72614C4D-5636-44E9-8FCA-430E7858B212}.Debug|x64.Build.0 = Debug|Any CPU
		{72614C4D-5636-44E9-8FCA-430E7858B212}.Debug|x86.ActiveCfg = Debug|Any CPU
		{72614C4D-5636-44E9-8FCA-430E7858B212}.Debug|x86.Build.0 = Debug|Any CPU
		{72614C4D-5636-44E9-8FCA-430E7858B212}.Release|Any CPU.ActiveCfg = Release|Any CPU
		{72614C4D-5636-44E9-8FCA-430E7858B212}.Release|Any CPU.Build.0 = Release|Any CPU
		{72614C4D-5636-44E9-8FCA-430E7858B212}.Release|x64.ActiveCfg = Release|Any CPU
		{72614C4D-5636-44E9-8FCA-430E7858B212}.Release|x64.Build.0 = Release|Any CPU
		{72614C4D-5636-44E9-8FCA-430E7858B212}.Release|x86.ActiveCfg = Release|Any CPU
		{72614C4D-5636-44E9-8FCA-430E7858B212}.Release|x86.Build.0 = Release|Any CPU
	EndGlobalSection
	GlobalSection(SolutionProperties) = preSolution
		HideSolutionNode = FALSE
	EndGlobalSection
	GlobalSection(NestedProjects) = preSolution
		{522DE61B-4E5D-48E9-9C24-9BF198FE640F} = {94591076-345F-4183-8726-022256F835E8}
		{AF9CEE86-5774-484C-B4BA-03363AB62FE3} = {3670ADEF-8479-4BAB-9430-2031245206D0}
		{9BF6F86A-CAB4-48BB-83F9-68FF4D585F8B} = {3670ADEF-8479-4BAB-9430-2031245206D0}
		{BFE501D6-BD56-423F-B4EF-3D57C8FA3087} = {3B19A774-0682-4569-AF8E-C1FC2C6AAEB9}
		{27DB120C-4F69-4762-A09A-07197AA78991} = {94591076-345F-4183-8726-022256F835E8}
		{D31DE7BB-4E87-44F4-92B4-54484F5F69BC} = {94591076-345F-4183-8726-022256F835E8}
		{FA8676DB-4BDD-4125-BA09-9654D4F60475} = {BC14F434-7AF4-4FC6-B4F6-49454800F41A}
		{A11599A1-1C6B-441D-8F72-48CD4BBFE2F6} = {BC14F434-7AF4-4FC6-B4F6-49454800F41A}
		{8BDF1790-F695-4C00-A6D5-69A092CCB95B} = {94591076-345F-4183-8726-022256F835E8}
		{B271D574-77F6-4D9C-8BAE-E10BC367C437} = {94591076-345F-4183-8726-022256F835E8}
		{9EBE05B6-4EAC-4EBF-BD31-907CBC6FD97F} = {94591076-345F-4183-8726-022256F835E8}
		{F02F9039-9C9B-48F7-A217-91C0D63FF2C7} = {1EFE58FC-516A-44AD-813F-607338BF8117}
		{8E30A6F9-DE53-4123-AB58-AA800FDA9A64} = {E688CE27-8BFB-4E64-9CED-EEC0DA4016A1}
		{90F147CF-2499-4F94-BE0E-FC874323AEE3} = {BC14F434-7AF4-4FC6-B4F6-49454800F41A}
		{44472573-1E95-42FA-81DB-A1880284CA24} = {94591076-345F-4183-8726-022256F835E8}
		{3B4DD5FA-890D-4A50-BB87-45E373927D89} = {94591076-345F-4183-8726-022256F835E8}
		{3670ADEF-8479-4BAB-9430-2031245206D0} = {988D974A-F1E9-4420-ADF8-5F56E0A5DF0F}
		{94591076-345F-4183-8726-022256F835E8} = {988D974A-F1E9-4420-ADF8-5F56E0A5DF0F}
		{1EFE58FC-516A-44AD-813F-607338BF8117} = {988D974A-F1E9-4420-ADF8-5F56E0A5DF0F}
		{781B9338-5317-44D9-89C2-A5B19B4B695F} = {988D974A-F1E9-4420-ADF8-5F56E0A5DF0F}
		{B7A96E08-810A-439F-97D3-03EFF86EED09} = {781B9338-5317-44D9-89C2-A5B19B4B695F}
		{6529DC00-D922-4C25-BAB0-DFAF74F4D756} = {94591076-345F-4183-8726-022256F835E8}
		{0055CBF6-665E-4F54-BDD5-A7BA0C1391DC} = {988D974A-F1E9-4420-ADF8-5F56E0A5DF0F}
		{165583D8-719B-4512-80C0-4AD9DBAFCD09} = {0055CBF6-665E-4F54-BDD5-A7BA0C1391DC}
		{96422294-BBE1-4351-B852-1415FDA64FDE} = {1EFE58FC-516A-44AD-813F-607338BF8117}
		{C0263827-D638-4832-9F5C-F8EE245C3583} = {1EFE58FC-516A-44AD-813F-607338BF8117}
		{03CA29F2-E7E8-4A3C-AAE2-4A8AD1F64C6E} = {1EFE58FC-516A-44AD-813F-607338BF8117}
		{987A4764-44D8-4040-8D45-179FEAA45C96} = {1EFE58FC-516A-44AD-813F-607338BF8117}
		{7DEB5E63-A523-493A-B15A-001992706EC0} = {1EFE58FC-516A-44AD-813F-607338BF8117}
		{B1B31F09-B782-449A-AC82-2FEF0FE0297D} = {1EFE58FC-516A-44AD-813F-607338BF8117}
		{ADA9F645-DACA-4E82-8577-EB3D0A12BAC3} = {1EFE58FC-516A-44AD-813F-607338BF8117}
		{757C2FE0-5B7B-4946-B9FE-263BBB58A2FB} = {1EFE58FC-516A-44AD-813F-607338BF8117}
		{219DC509-EBDA-4542-B540-F8487813119C} = {1EFE58FC-516A-44AD-813F-607338BF8117}
		{FBC07B9F-DA35-4E29-B016-E537F78CEDAA} = {94591076-345F-4183-8726-022256F835E8}
		{51EB1EE4-CF63-4E91-BE32-3DE8F1B18E0F} = {1EFE58FC-516A-44AD-813F-607338BF8117}
		{D80EC03E-C6B4-438C-8A98-F40E90D76B00} = {1EFE58FC-516A-44AD-813F-607338BF8117}
		{6EE152DB-354C-4B0B-BED6-18ACED82CA74} = {BC14F434-7AF4-4FC6-B4F6-49454800F41A}
		{18CDAF6E-24F5-4F0D-8937-69591A5ADBB0} = {94591076-345F-4183-8726-022256F835E8}
		{68C1F9ED-730B-4439-A1E8-2F9E639589EC} = {94591076-345F-4183-8726-022256F835E8}
		{C4176F9F-663A-4166-B40D-3177C91F5ADA} = {E688CE27-8BFB-4E64-9CED-EEC0DA4016A1}
		{124BFEAF-D5CB-4086-8ECA-BD8E5DEAB324} = {3B19A774-0682-4569-AF8E-C1FC2C6AAEB9}
		{20E447BB-6696-4876-A916-D757B882C674} = {D4CF19C9-8DC5-4F2B-AA42-543A69919FE5}
		{3D1AA538-78D7-4115-9DF0-37F131D80D12} = {94591076-345F-4183-8726-022256F835E8}
		{F861F584-A121-402A-A308-ACC9BEFC04D2} = {D4CF19C9-8DC5-4F2B-AA42-543A69919FE5}
		{78721DE2-0808-4513-B961-D2EB18B34BB6} = {94591076-345F-4183-8726-022256F835E8}
		{C1C3A307-ECF5-4FF5-AA0A-72FCAC555964} = {D4CF19C9-8DC5-4F2B-AA42-543A69919FE5}
		{08D5FC3D-DB39-4B62-B9B8-A41874674CE1} = {D4CF19C9-8DC5-4F2B-AA42-543A69919FE5}
		{4CF5F077-3285-4693-95F2-6EC2BE13A647} = {57B31108-C959-4B3C-9957-F6C94C483874}
		{13CD53B6-1C32-4717-ABAD-639B2485974D} = {1DE6370F-3D44-4C27-8FC0-8C5BBCACABED}
		{36C4306E-6D4F-4BCD-9F76-40770DDDE14F} = {57B31108-C959-4B3C-9957-F6C94C483874}
		{5487BF73-910B-4C5E-9E91-400280A6114C} = {BC14F434-7AF4-4FC6-B4F6-49454800F41A}
		{BC14F434-7AF4-4FC6-B4F6-49454800F41A} = {988D974A-F1E9-4420-ADF8-5F56E0A5DF0F}
		{294CDF2F-4744-4225-888E-9B21E914E2BA} = {57B31108-C959-4B3C-9957-F6C94C483874}
		{E688CE27-8BFB-4E64-9CED-EEC0DA4016A1} = {988D974A-F1E9-4420-ADF8-5F56E0A5DF0F}
		{2DC87AB7-A567-4C04-80A1-F20B399BD108} = {57B31108-C959-4B3C-9957-F6C94C483874}
		{23E1EF66-FABE-4E36-86B1-F2D3972A285E} = {57B31108-C959-4B3C-9957-F6C94C483874}
		{E9968458-CD06-4464-BFA4-662B81293861} = {94591076-345F-4183-8726-022256F835E8}
		{72614C4D-5636-44E9-8FCA-430E7858B212} = {94591076-345F-4183-8726-022256F835E8}
	EndGlobalSection
	GlobalSection(ExtensibilityGlobals) = postSolution
		SolutionGuid = {629A4500-0A50-4F53-88C6-402E2360A282}
	EndGlobalSection
EndGlobal
