
Microsoft Visual Studio Solution File, Format Version 12.00
# Visual Studio Version 17
VisualStudioVersion = 17.0.32112.339
MinimumVisualStudioVersion = 10.0.40219.1
Project("{2150E333-8FDC-42A3-9474-1A3956D46DE8}") = "`build", "`build", "{286AA6FE-67D4-4818-8C77-F3AFFF3CCD7D}"
	ProjectSection(SolutionItems) = preProject
		rohde\directory.build.props = rohde\directory.build.props
		rohde\exclusion.dic = rohde\exclusion.dic
		global.json = global.json
	EndProjectSection
EndProject
Project("{2150E333-8FDC-42A3-9474-1A3956D46DE8}") = "`docs", "`docs", "{7DB60340-1A19-41FE-A38B-2C51C86D6B34}"
	ProjectSection(SolutionItems) = preProject
		rohde\IviVisaApps.rohde.changelog.md = rohde\IviVisaApps.rohde.changelog.md
	EndProjectSection
EndProject
Project("{2150E333-8FDC-42A3-9474-1A3956D46DE8}") = "rohde", "rohde", "{3E540F10-27FA-4E69-A548-32E5702FB5ED}"
EndProject
Project("{9A19103F-16F7-4668-BE54-9A1E7A4F7556}") = "Rohde.IdnQuery", "rohde\idn.query\Rohde.IdnQuery.csproj", "{242349C8-142C-450C-9B48-C0885E3265B4}"
EndProject
Global
	GlobalSection(SolutionConfigurationPlatforms) = preSolution
		Debug|Any CPU = Debug|Any CPU
		Debug|x64 = Debug|x64
		Debug|x86 = Debug|x86
		Release|Any CPU = Release|Any CPU
		Release|x64 = Release|x64
		Release|x86 = Release|x86
	EndGlobalSection
	GlobalSection(ProjectConfigurationPlatforms) = postSolution
		{242349C8-142C-450C-9B48-C0885E3265B4}.Debug|Any CPU.ActiveCfg = Debug|Any CPU
		{242349C8-142C-450C-9B48-C0885E3265B4}.Debug|Any CPU.Build.0 = Debug|Any CPU
		{242349C8-142C-450C-9B48-C0885E3265B4}.Debug|x64.ActiveCfg = Debug|Any CPU
		{242349C8-142C-450C-9B48-C0885E3265B4}.Debug|x64.Build.0 = Debug|Any CPU
		{242349C8-142C-450C-9B48-C0885E3265B4}.Debug|x86.ActiveCfg = Debug|Any CPU
		{242349C8-142C-450C-9B48-C0885E3265B4}.Debug|x86.Build.0 = Debug|Any CPU
		{242349C8-142C-450C-9B48-C0885E3265B4}.Release|Any CPU.ActiveCfg = Release|Any CPU
		{242349C8-142C-450C-9B48-C0885E3265B4}.Release|Any CPU.Build.0 = Release|Any CPU
		{242349C8-142C-450C-9B48-C0885E3265B4}.Release|x64.ActiveCfg = Release|Any CPU
		{242349C8-142C-450C-9B48-C0885E3265B4}.Release|x64.Build.0 = Release|Any CPU
		{242349C8-142C-450C-9B48-C0885E3265B4}.Release|x86.ActiveCfg = Release|Any CPU
		{242349C8-142C-450C-9B48-C0885E3265B4}.Release|x86.Build.0 = Release|Any CPU
	EndGlobalSection
	GlobalSection(SolutionProperties) = preSolution
		HideSolutionNode = FALSE
	EndGlobalSection
	GlobalSection(NestedProjects) = preSolution
		{242349C8-142C-450C-9B48-C0885E3265B4} = {3E540F10-27FA-4E69-A548-32E5702FB5ED}
	EndGlobalSection
	GlobalSection(ExtensibilityGlobals) = postSolution
		SolutionGuid = {629A4500-0A50-4F53-88C6-402E2360A282}
	EndGlobalSection
EndGlobal
