
Microsoft Visual Studio Solution File, Format Version 12.00
# Visual Studio Version 17
VisualStudioVersion = 17.0.32112.339
MinimumVisualStudioVersion = 10.0.40219.1
Project("{2150E333-8FDC-42A3-9474-1A3956D46DE8}") = "`build", "`build", "{286AA6FE-67D4-4818-8C77-F3AFFF3CCD7D}"
	ProjectSection(SolutionItems) = preProject
		exclusion.dic = exclusion.dic
		global.json = global.json
	EndProjectSection
EndProject
Project("{2150E333-8FDC-42A3-9474-1A3956D46DE8}") = "`docs", "`docs", "{7DB60340-1A19-41FE-A38B-2C51C86D6B34}"
	ProjectSection(SolutionItems) = preProject
		..\changelog.md = ..\changelog.md
		..\developer.md = ..\developer.md
		..\readme.md = ..\readme.md
		..\todo.md = ..\todo.md
	EndProjectSection
EndProject
Project("{2150E333-8FDC-42A3-9474-1A3956D46DE8}") = "visa", "visa", "{76EDB5EA-335F-4FD2-A5E9-096D58740739}"
	ProjectSection(SolutionItems) = preProject
		visa\isr.visa.changelog.md = visa\isr.visa.changelog.md
	EndProjectSection
EndProject
Project("{9A19103F-16F7-4668-BE54-9A1E7A4F7556}") = "cc.isr.Visa.WinControls", "visa\visa.win.controls\cc.isr.Visa.WinControls.csproj", "{8E586690-CAEF-4D68-A679-A7B6F8A9A727}"
EndProject
Project("{2150E333-8FDC-42A3-9474-1A3956D46DE8}") = "kelary", "kelary", "{D77B2BC9-AA9C-4624-9AB9-6904E9061EDA}"
	ProjectSection(SolutionItems) = preProject
		kelary\IviVisaCompatibility.changelog.md = kelary\IviVisaCompatibility.changelog.md
	EndProjectSection
EndProject
Project("{9A19103F-16F7-4668-BE54-9A1E7A4F7556}") = "IviVisaNetSample", "Kelary\IviVisaNetSample\IviVisaNetSample.csproj", "{6218EF05-586D-4466-B8CC-3457C4089E7B}"
EndProject
Project("{9A19103F-16F7-4668-BE54-9A1E7A4F7556}") = "IviVisaCompatibility", "Kelary\IviVisaCompatibility\IviVisaCompatibility.csproj", "{FA6A8B2F-406E-4584-8618-C7498D203C3B}"
EndProject
Project("{9A19103F-16F7-4668-BE54-9A1E7A4F7556}") = "IviVisaCompatibilityDemo", "Kelary\IviVisaCompatibilityDemo\IviVisaCompatibilityDemo.csproj", "{50FD24FD-3F7E-4D98-ACEE-928A460272C3}"
EndProject
Project("{9A19103F-16F7-4668-BE54-9A1E7A4F7556}") = "cc.isr.Visa.WinControls.Demo", "visa\visa.win.controls.demo\cc.isr.Visa.WinControls.Demo.csproj", "{A1327A24-6683-4EA4-A708-F9ABD1181BEF}"
EndProject
Project("{9A19103F-16F7-4668-BE54-9A1E7A4F7556}") = "cc.isr.Visa.ResourceExplorer", "visa\visa.resource.explorer\cc.isr.Visa.ResourceExplorer.csproj", "{A9D46AAC-9ABF-4028-B4CA-773EFA85E810}"
EndProject
Project("{9A19103F-16F7-4668-BE54-9A1E7A4F7556}") = "cc.isr.Visa", "visa\visa\cc.isr.Visa.csproj", "{6981F807-0E31-42F4-925E-8BD26506F4E4}"
EndProject
Project("{9A19103F-16F7-4668-BE54-9A1E7A4F7556}") = "cc.isr.Visa.MSTest", "visa\visa.mstest\cc.isr.Visa.MSTest.csproj", "{3BFA27B7-6760-46F9-91E8-D5E9DB3A1186}"
EndProject
Project("{9A19103F-16F7-4668-BE54-9A1E7A4F7556}") = "cc.isr.Visa.IO.Demo", "visa\visa.io.demo\cc.isr.Visa.IO.Demo.csproj", "{A22D157D-7F9F-4236-8B3A-B91B2A75F7B7}"
EndProject
Project("{2150E333-8FDC-42A3-9474-1A3956D46DE8}") = "`framework", "`framework", "{D59B7EBC-91BB-406B-A4FE-133384A168A9}"
EndProject
Project("{9A19103F-16F7-4668-BE54-9A1E7A4F7556}") = "cc.isr.Tracing", "..\..\..\core\tracing\src\tracing\tracing\cc.isr.Tracing.csproj", "{67DD6E4A-A0F1-4AF4-B593-4149D39D4E64}"
EndProject
Project("{9A19103F-16F7-4668-BE54-9A1E7A4F7556}") = "cc.isr.Tracing.WinForms", "..\..\..\core\tracing\src\win.forms\tracing.win.forms\cc.isr.Tracing.WinForms.csproj", "{2D295EDD-C6B5-4C5A-BF0B-F756690C5CF9}"
EndProject
Project("{9A19103F-16F7-4668-BE54-9A1E7A4F7556}") = "cc.isr.Logging.TraceLog", "..\..\..\core\logging\src\tracelog\tracelog\cc.isr.Logging.TraceLog.csproj", "{1DAB0CA1-D48B-4169-9800-01FBE075BCCA}"
EndProject
Project("{9A19103F-16F7-4668-BE54-9A1E7A4F7556}") = "cc.isr.Logging.TraceLog.WinForms", "..\..\..\core\logging\src\tracelog\tracelog.win.forms\cc.isr.Logging.TraceLog.WinForms.csproj", "{2A500DB5-DDFB-455B-A987-C939C1749554}"
EndProject
Project("{9A19103F-16F7-4668-BE54-9A1E7A4F7556}") = "Serilog.Enrichers.Demystify", "..\..\..\core\logging\src\serilog\enrichers.demystify\Serilog.Enrichers.Demystify.csproj", "{A4955F99-F708-46C7-A2A0-E673A9438C64}"
EndProject
Project("{9A19103F-16F7-4668-BE54-9A1E7A4F7556}") = "Serilog.Sinks.Trace", "..\..\..\core\logging\src\serilog\sinks.trace\Serilog.Sinks.Trace.csproj", "{76BDCA1B-EA19-426D-87B6-D2751781D402}"
EndProject
Project("{9A19103F-16F7-4668-BE54-9A1E7A4F7556}") = "cc.isr.Json.AppSettings.ViewModels", "..\..\..\core\json\src\app.settings\app.settings.view.models\cc.isr.Json.AppSettings.ViewModels.csproj", "{1308BE52-6A68-4FC8-9709-5A2BF45F20BF}"
EndProject
Project("{9A19103F-16F7-4668-BE54-9A1E7A4F7556}") = "cc.isr.Json.AppSettings.WinForms", "..\..\..\core\json\src\app.settings\app.settings.win.forms\cc.isr.Json.AppSettings.WinForms.csproj", "{AC3F3E9D-6F99-428E-A536-4A8A5DA4520E}"
EndProject
Project("{FAE04EC0-301F-11D3-BF4B-00C04F79EFBC}") = "IviVisaCompatibilityTester", "kelary\IviVisaCompatibiityTester\IviVisaCompatibilityTester.csproj", "{B8D3A47C-0DE1-A63A-F204-524B40814D8C}"
EndProject
Project("{FAE04EC0-301F-11D3-BF4B-00C04F79EFBC}") = "cc.isr.Visa.Console", "visa\visa.console\cc.isr.Visa.Console.csproj", "{580FD653-64E2-62DB-1BF2-EDB88968E374}"
EndProject
Global
	GlobalSection(SolutionConfigurationPlatforms) = preSolution
		Debug|Any CPU = Debug|Any CPU
		Debug|x64 = Debug|x64
		Debug|x86 = Debug|x86
		Release|Any CPU = Release|Any CPU
		Release|x64 = Release|x64
		Release|x86 = Release|x86
	EndGlobalSection
	GlobalSection(ProjectConfigurationPlatforms) = postSolution
		{8E586690-CAEF-4D68-A679-A7B6F8A9A727}.Debug|Any CPU.ActiveCfg = Debug|Any CPU
		{8E586690-CAEF-4D68-A679-A7B6F8A9A727}.Debug|Any CPU.Build.0 = Debug|Any CPU
		{8E586690-CAEF-4D68-A679-A7B6F8A9A727}.Debug|x64.ActiveCfg = Debug|Any CPU
		{8E586690-CAEF-4D68-A679-A7B6F8A9A727}.Debug|x64.Build.0 = Debug|Any CPU
		{8E586690-CAEF-4D68-A679-A7B6F8A9A727}.Debug|x86.ActiveCfg = Debug|Any CPU
		{8E586690-CAEF-4D68-A679-A7B6F8A9A727}.Debug|x86.Build.0 = Debug|Any CPU
		{8E586690-CAEF-4D68-A679-A7B6F8A9A727}.Release|Any CPU.ActiveCfg = Release|Any CPU
		{8E586690-CAEF-4D68-A679-A7B6F8A9A727}.Release|Any CPU.Build.0 = Release|Any CPU
		{8E586690-CAEF-4D68-A679-A7B6F8A9A727}.Release|x64.ActiveCfg = Release|Any CPU
		{8E586690-CAEF-4D68-A679-A7B6F8A9A727}.Release|x64.Build.0 = Release|Any CPU
		{8E586690-CAEF-4D68-A679-A7B6F8A9A727}.Release|x86.ActiveCfg = Release|Any CPU
		{8E586690-CAEF-4D68-A679-A7B6F8A9A727}.Release|x86.Build.0 = Release|Any CPU
		{6218EF05-586D-4466-B8CC-3457C4089E7B}.Debug|Any CPU.ActiveCfg = Debug|Any CPU
		{6218EF05-586D-4466-B8CC-3457C4089E7B}.Debug|Any CPU.Build.0 = Debug|Any CPU
		{6218EF05-586D-4466-B8CC-3457C4089E7B}.Debug|x64.ActiveCfg = Debug|x64
		{6218EF05-586D-4466-B8CC-3457C4089E7B}.Debug|x64.Build.0 = Debug|x64
		{6218EF05-586D-4466-B8CC-3457C4089E7B}.Debug|x86.ActiveCfg = Debug|x86
		{6218EF05-586D-4466-B8CC-3457C4089E7B}.Debug|x86.Build.0 = Debug|x86
		{6218EF05-586D-4466-B8CC-3457C4089E7B}.Release|Any CPU.ActiveCfg = Release|Any CPU
		{6218EF05-586D-4466-B8CC-3457C4089E7B}.Release|Any CPU.Build.0 = Release|Any CPU
		{6218EF05-586D-4466-B8CC-3457C4089E7B}.Release|x64.ActiveCfg = Release|x64
		{6218EF05-586D-4466-B8CC-3457C4089E7B}.Release|x64.Build.0 = Release|x64
		{6218EF05-586D-4466-B8CC-3457C4089E7B}.Release|x86.ActiveCfg = Release|x86
		{6218EF05-586D-4466-B8CC-3457C4089E7B}.Release|x86.Build.0 = Release|x86
		{FA6A8B2F-406E-4584-8618-C7498D203C3B}.Debug|Any CPU.ActiveCfg = Debug|Any CPU
		{FA6A8B2F-406E-4584-8618-C7498D203C3B}.Debug|Any CPU.Build.0 = Debug|Any CPU
		{FA6A8B2F-406E-4584-8618-C7498D203C3B}.Debug|x64.ActiveCfg = Debug|Any CPU
		{FA6A8B2F-406E-4584-8618-C7498D203C3B}.Debug|x64.Build.0 = Debug|Any CPU
		{FA6A8B2F-406E-4584-8618-C7498D203C3B}.Debug|x86.ActiveCfg = Debug|Any CPU
		{FA6A8B2F-406E-4584-8618-C7498D203C3B}.Debug|x86.Build.0 = Debug|Any CPU
		{FA6A8B2F-406E-4584-8618-C7498D203C3B}.Release|Any CPU.ActiveCfg = Release|Any CPU
		{FA6A8B2F-406E-4584-8618-C7498D203C3B}.Release|Any CPU.Build.0 = Release|Any CPU
		{FA6A8B2F-406E-4584-8618-C7498D203C3B}.Release|x64.ActiveCfg = Release|Any CPU
		{FA6A8B2F-406E-4584-8618-C7498D203C3B}.Release|x64.Build.0 = Release|Any CPU
		{FA6A8B2F-406E-4584-8618-C7498D203C3B}.Release|x86.ActiveCfg = Release|Any CPU
		{FA6A8B2F-406E-4584-8618-C7498D203C3B}.Release|x86.Build.0 = Release|Any CPU
		{50FD24FD-3F7E-4D98-ACEE-928A460272C3}.Debug|Any CPU.ActiveCfg = Debug|Any CPU
		{50FD24FD-3F7E-4D98-ACEE-928A460272C3}.Debug|Any CPU.Build.0 = Debug|Any CPU
		{50FD24FD-3F7E-4D98-ACEE-928A460272C3}.Debug|x64.ActiveCfg = Debug|x64
		{50FD24FD-3F7E-4D98-ACEE-928A460272C3}.Debug|x64.Build.0 = Debug|x64
		{50FD24FD-3F7E-4D98-ACEE-928A460272C3}.Debug|x86.ActiveCfg = Debug|x86
		{50FD24FD-3F7E-4D98-ACEE-928A460272C3}.Debug|x86.Build.0 = Debug|x86
		{50FD24FD-3F7E-4D98-ACEE-928A460272C3}.Release|Any CPU.ActiveCfg = Release|Any CPU
		{50FD24FD-3F7E-4D98-ACEE-928A460272C3}.Release|Any CPU.Build.0 = Release|Any CPU
		{50FD24FD-3F7E-4D98-ACEE-928A460272C3}.Release|x64.ActiveCfg = Release|x64
		{50FD24FD-3F7E-4D98-ACEE-928A460272C3}.Release|x64.Build.0 = Release|x64
		{50FD24FD-3F7E-4D98-ACEE-928A460272C3}.Release|x86.ActiveCfg = Release|x86
		{50FD24FD-3F7E-4D98-ACEE-928A460272C3}.Release|x86.Build.0 = Release|x86
		{A1327A24-6683-4EA4-A708-F9ABD1181BEF}.Debug|Any CPU.ActiveCfg = Debug|Any CPU
		{A1327A24-6683-4EA4-A708-F9ABD1181BEF}.Debug|Any CPU.Build.0 = Debug|Any CPU
		{A1327A24-6683-4EA4-A708-F9ABD1181BEF}.Debug|x64.ActiveCfg = Debug|Any CPU
		{A1327A24-6683-4EA4-A708-F9ABD1181BEF}.Debug|x64.Build.0 = Debug|Any CPU
		{A1327A24-6683-4EA4-A708-F9ABD1181BEF}.Debug|x86.ActiveCfg = Debug|Any CPU
		{A1327A24-6683-4EA4-A708-F9ABD1181BEF}.Debug|x86.Build.0 = Debug|Any CPU
		{A1327A24-6683-4EA4-A708-F9ABD1181BEF}.Release|Any CPU.ActiveCfg = Release|Any CPU
		{A1327A24-6683-4EA4-A708-F9ABD1181BEF}.Release|Any CPU.Build.0 = Release|Any CPU
		{A1327A24-6683-4EA4-A708-F9ABD1181BEF}.Release|x64.ActiveCfg = Release|Any CPU
		{A1327A24-6683-4EA4-A708-F9ABD1181BEF}.Release|x64.Build.0 = Release|Any CPU
		{A1327A24-6683-4EA4-A708-F9ABD1181BEF}.Release|x86.ActiveCfg = Release|Any CPU
		{A1327A24-6683-4EA4-A708-F9ABD1181BEF}.Release|x86.Build.0 = Release|Any CPU
		{A9D46AAC-9ABF-4028-B4CA-773EFA85E810}.Debug|Any CPU.ActiveCfg = Debug|Any CPU
		{A9D46AAC-9ABF-4028-B4CA-773EFA85E810}.Debug|Any CPU.Build.0 = Debug|Any CPU
		{A9D46AAC-9ABF-4028-B4CA-773EFA85E810}.Debug|x64.ActiveCfg = Debug|Any CPU
		{A9D46AAC-9ABF-4028-B4CA-773EFA85E810}.Debug|x64.Build.0 = Debug|Any CPU
		{A9D46AAC-9ABF-4028-B4CA-773EFA85E810}.Debug|x86.ActiveCfg = Debug|Any CPU
		{A9D46AAC-9ABF-4028-B4CA-773EFA85E810}.Debug|x86.Build.0 = Debug|Any CPU
		{A9D46AAC-9ABF-4028-B4CA-773EFA85E810}.Release|Any CPU.ActiveCfg = Release|Any CPU
		{A9D46AAC-9ABF-4028-B4CA-773EFA85E810}.Release|Any CPU.Build.0 = Release|Any CPU
		{A9D46AAC-9ABF-4028-B4CA-773EFA85E810}.Release|x64.ActiveCfg = Release|Any CPU
		{A9D46AAC-9ABF-4028-B4CA-773EFA85E810}.Release|x64.Build.0 = Release|Any CPU
		{A9D46AAC-9ABF-4028-B4CA-773EFA85E810}.Release|x86.ActiveCfg = Release|Any CPU
		{A9D46AAC-9ABF-4028-B4CA-773EFA85E810}.Release|x86.Build.0 = Release|Any CPU
		{6981F807-0E31-42F4-925E-8BD26506F4E4}.Debug|Any CPU.ActiveCfg = Debug|Any CPU
		{6981F807-0E31-42F4-925E-8BD26506F4E4}.Debug|Any CPU.Build.0 = Debug|Any CPU
		{6981F807-0E31-42F4-925E-8BD26506F4E4}.Debug|x64.ActiveCfg = Debug|Any CPU
		{6981F807-0E31-42F4-925E-8BD26506F4E4}.Debug|x64.Build.0 = Debug|Any CPU
		{6981F807-0E31-42F4-925E-8BD26506F4E4}.Debug|x86.ActiveCfg = Debug|Any CPU
		{6981F807-0E31-42F4-925E-8BD26506F4E4}.Debug|x86.Build.0 = Debug|Any CPU
		{6981F807-0E31-42F4-925E-8BD26506F4E4}.Release|Any CPU.ActiveCfg = Release|Any CPU
		{6981F807-0E31-42F4-925E-8BD26506F4E4}.Release|Any CPU.Build.0 = Release|Any CPU
		{6981F807-0E31-42F4-925E-8BD26506F4E4}.Release|x64.ActiveCfg = Release|Any CPU
		{6981F807-0E31-42F4-925E-8BD26506F4E4}.Release|x64.Build.0 = Release|Any CPU
		{6981F807-0E31-42F4-925E-8BD26506F4E4}.Release|x86.ActiveCfg = Release|Any CPU
		{6981F807-0E31-42F4-925E-8BD26506F4E4}.Release|x86.Build.0 = Release|Any CPU
		{3BFA27B7-6760-46F9-91E8-D5E9DB3A1186}.Debug|Any CPU.ActiveCfg = Debug|Any CPU
		{3BFA27B7-6760-46F9-91E8-D5E9DB3A1186}.Debug|Any CPU.Build.0 = Debug|Any CPU
		{3BFA27B7-6760-46F9-91E8-D5E9DB3A1186}.Debug|x64.ActiveCfg = Debug|Any CPU
		{3BFA27B7-6760-46F9-91E8-D5E9DB3A1186}.Debug|x64.Build.0 = Debug|Any CPU
		{3BFA27B7-6760-46F9-91E8-D5E9DB3A1186}.Debug|x86.ActiveCfg = Debug|Any CPU
		{3BFA27B7-6760-46F9-91E8-D5E9DB3A1186}.Debug|x86.Build.0 = Debug|Any CPU
		{3BFA27B7-6760-46F9-91E8-D5E9DB3A1186}.Release|Any CPU.ActiveCfg = Release|Any CPU
		{3BFA27B7-6760-46F9-91E8-D5E9DB3A1186}.Release|Any CPU.Build.0 = Release|Any CPU
		{3BFA27B7-6760-46F9-91E8-D5E9DB3A1186}.Release|x64.ActiveCfg = Release|Any CPU
		{3BFA27B7-6760-46F9-91E8-D5E9DB3A1186}.Release|x64.Build.0 = Release|Any CPU
		{3BFA27B7-6760-46F9-91E8-D5E9DB3A1186}.Release|x86.ActiveCfg = Release|Any CPU
		{3BFA27B7-6760-46F9-91E8-D5E9DB3A1186}.Release|x86.Build.0 = Release|Any CPU
		{A22D157D-7F9F-4236-8B3A-B91B2A75F7B7}.Debug|Any CPU.ActiveCfg = Debug|Any CPU
		{A22D157D-7F9F-4236-8B3A-B91B2A75F7B7}.Debug|Any CPU.Build.0 = Debug|Any CPU
		{A22D157D-7F9F-4236-8B3A-B91B2A75F7B7}.Debug|x64.ActiveCfg = Debug|Any CPU
		{A22D157D-7F9F-4236-8B3A-B91B2A75F7B7}.Debug|x64.Build.0 = Debug|Any CPU
		{A22D157D-7F9F-4236-8B3A-B91B2A75F7B7}.Debug|x86.ActiveCfg = Debug|Any CPU
		{A22D157D-7F9F-4236-8B3A-B91B2A75F7B7}.Debug|x86.Build.0 = Debug|Any CPU
		{A22D157D-7F9F-4236-8B3A-B91B2A75F7B7}.Release|Any CPU.ActiveCfg = Release|Any CPU
		{A22D157D-7F9F-4236-8B3A-B91B2A75F7B7}.Release|Any CPU.Build.0 = Release|Any CPU
		{A22D157D-7F9F-4236-8B3A-B91B2A75F7B7}.Release|x64.ActiveCfg = Release|Any CPU
		{A22D157D-7F9F-4236-8B3A-B91B2A75F7B7}.Release|x64.Build.0 = Release|Any CPU
		{A22D157D-7F9F-4236-8B3A-B91B2A75F7B7}.Release|x86.ActiveCfg = Release|Any CPU
		{A22D157D-7F9F-4236-8B3A-B91B2A75F7B7}.Release|x86.Build.0 = Release|Any CPU
		{67DD6E4A-A0F1-4AF4-B593-4149D39D4E64}.Debug|Any CPU.ActiveCfg = Debug|Any CPU
		{67DD6E4A-A0F1-4AF4-B593-4149D39D4E64}.Debug|Any CPU.Build.0 = Debug|Any CPU
		{67DD6E4A-A0F1-4AF4-B593-4149D39D4E64}.Debug|x64.ActiveCfg = Debug|Any CPU
		{67DD6E4A-A0F1-4AF4-B593-4149D39D4E64}.Debug|x64.Build.0 = Debug|Any CPU
		{67DD6E4A-A0F1-4AF4-B593-4149D39D4E64}.Debug|x86.ActiveCfg = Debug|Any CPU
		{67DD6E4A-A0F1-4AF4-B593-4149D39D4E64}.Debug|x86.Build.0 = Debug|Any CPU
		{67DD6E4A-A0F1-4AF4-B593-4149D39D4E64}.Release|Any CPU.ActiveCfg = Release|Any CPU
		{67DD6E4A-A0F1-4AF4-B593-4149D39D4E64}.Release|Any CPU.Build.0 = Release|Any CPU
		{67DD6E4A-A0F1-4AF4-B593-4149D39D4E64}.Release|x64.ActiveCfg = Release|Any CPU
		{67DD6E4A-A0F1-4AF4-B593-4149D39D4E64}.Release|x64.Build.0 = Release|Any CPU
		{67DD6E4A-A0F1-4AF4-B593-4149D39D4E64}.Release|x86.ActiveCfg = Release|Any CPU
		{67DD6E4A-A0F1-4AF4-B593-4149D39D4E64}.Release|x86.Build.0 = Release|Any CPU
		{2D295EDD-C6B5-4C5A-BF0B-F756690C5CF9}.Debug|Any CPU.ActiveCfg = Debug|Any CPU
		{2D295EDD-C6B5-4C5A-BF0B-F756690C5CF9}.Debug|Any CPU.Build.0 = Debug|Any CPU
		{2D295EDD-C6B5-4C5A-BF0B-F756690C5CF9}.Debug|x64.ActiveCfg = Debug|Any CPU
		{2D295EDD-C6B5-4C5A-BF0B-F756690C5CF9}.Debug|x64.Build.0 = Debug|Any CPU
		{2D295EDD-C6B5-4C5A-BF0B-F756690C5CF9}.Debug|x86.ActiveCfg = Debug|Any CPU
		{2D295EDD-C6B5-4C5A-BF0B-F756690C5CF9}.Debug|x86.Build.0 = Debug|Any CPU
		{2D295EDD-C6B5-4C5A-BF0B-F756690C5CF9}.Release|Any CPU.ActiveCfg = Release|Any CPU
		{2D295EDD-C6B5-4C5A-BF0B-F756690C5CF9}.Release|Any CPU.Build.0 = Release|Any CPU
		{2D295EDD-C6B5-4C5A-BF0B-F756690C5CF9}.Release|x64.ActiveCfg = Release|Any CPU
		{2D295EDD-C6B5-4C5A-BF0B-F756690C5CF9}.Release|x64.Build.0 = Release|Any CPU
		{2D295EDD-C6B5-4C5A-BF0B-F756690C5CF9}.Release|x86.ActiveCfg = Release|Any CPU
		{2D295EDD-C6B5-4C5A-BF0B-F756690C5CF9}.Release|x86.Build.0 = Release|Any CPU
		{1DAB0CA1-D48B-4169-9800-01FBE075BCCA}.Debug|Any CPU.ActiveCfg = Debug|Any CPU
		{1DAB0CA1-D48B-4169-9800-01FBE075BCCA}.Debug|Any CPU.Build.0 = Debug|Any CPU
		{1DAB0CA1-D48B-4169-9800-01FBE075BCCA}.Debug|x64.ActiveCfg = Debug|Any CPU
		{1DAB0CA1-D48B-4169-9800-01FBE075BCCA}.Debug|x64.Build.0 = Debug|Any CPU
		{1DAB0CA1-D48B-4169-9800-01FBE075BCCA}.Debug|x86.ActiveCfg = Debug|Any CPU
		{1DAB0CA1-D48B-4169-9800-01FBE075BCCA}.Debug|x86.Build.0 = Debug|Any CPU
		{1DAB0CA1-D48B-4169-9800-01FBE075BCCA}.Release|Any CPU.ActiveCfg = Release|Any CPU
		{1DAB0CA1-D48B-4169-9800-01FBE075BCCA}.Release|Any CPU.Build.0 = Release|Any CPU
		{1DAB0CA1-D48B-4169-9800-01FBE075BCCA}.Release|x64.ActiveCfg = Release|Any CPU
		{1DAB0CA1-D48B-4169-9800-01FBE075BCCA}.Release|x64.Build.0 = Release|Any CPU
		{1DAB0CA1-D48B-4169-9800-01FBE075BCCA}.Release|x86.ActiveCfg = Release|Any CPU
		{1DAB0CA1-D48B-4169-9800-01FBE075BCCA}.Release|x86.Build.0 = Release|Any CPU
		{2A500DB5-DDFB-455B-A987-C939C1749554}.Debug|Any CPU.ActiveCfg = Debug|Any CPU
		{2A500DB5-DDFB-455B-A987-C939C1749554}.Debug|Any CPU.Build.0 = Debug|Any CPU
		{2A500DB5-DDFB-455B-A987-C939C1749554}.Debug|x64.ActiveCfg = Debug|Any CPU
		{2A500DB5-DDFB-455B-A987-C939C1749554}.Debug|x64.Build.0 = Debug|Any CPU
		{2A500DB5-DDFB-455B-A987-C939C1749554}.Debug|x86.ActiveCfg = Debug|Any CPU
		{2A500DB5-DDFB-455B-A987-C939C1749554}.Debug|x86.Build.0 = Debug|Any CPU
		{2A500DB5-DDFB-455B-A987-C939C1749554}.Release|Any CPU.ActiveCfg = Release|Any CPU
		{2A500DB5-DDFB-455B-A987-C939C1749554}.Release|Any CPU.Build.0 = Release|Any CPU
		{2A500DB5-DDFB-455B-A987-C939C1749554}.Release|x64.ActiveCfg = Release|Any CPU
		{2A500DB5-DDFB-455B-A987-C939C1749554}.Release|x64.Build.0 = Release|Any CPU
		{2A500DB5-DDFB-455B-A987-C939C1749554}.Release|x86.ActiveCfg = Release|Any CPU
		{2A500DB5-DDFB-455B-A987-C939C1749554}.Release|x86.Build.0 = Release|Any CPU
		{A4955F99-F708-46C7-A2A0-E673A9438C64}.Debug|Any CPU.ActiveCfg = Debug|Any CPU
		{A4955F99-F708-46C7-A2A0-E673A9438C64}.Debug|Any CPU.Build.0 = Debug|Any CPU
		{A4955F99-F708-46C7-A2A0-E673A9438C64}.Debug|x64.ActiveCfg = Debug|Any CPU
		{A4955F99-F708-46C7-A2A0-E673A9438C64}.Debug|x64.Build.0 = Debug|Any CPU
		{A4955F99-F708-46C7-A2A0-E673A9438C64}.Debug|x86.ActiveCfg = Debug|Any CPU
		{A4955F99-F708-46C7-A2A0-E673A9438C64}.Debug|x86.Build.0 = Debug|Any CPU
		{A4955F99-F708-46C7-A2A0-E673A9438C64}.Release|Any CPU.ActiveCfg = Release|Any CPU
		{A4955F99-F708-46C7-A2A0-E673A9438C64}.Release|Any CPU.Build.0 = Release|Any CPU
		{A4955F99-F708-46C7-A2A0-E673A9438C64}.Release|x64.ActiveCfg = Release|Any CPU
		{A4955F99-F708-46C7-A2A0-E673A9438C64}.Release|x64.Build.0 = Release|Any CPU
		{A4955F99-F708-46C7-A2A0-E673A9438C64}.Release|x86.ActiveCfg = Release|Any CPU
		{A4955F99-F708-46C7-A2A0-E673A9438C64}.Release|x86.Build.0 = Release|Any CPU
		{76BDCA1B-EA19-426D-87B6-D2751781D402}.Debug|Any CPU.ActiveCfg = Debug|Any CPU
		{76BDCA1B-EA19-426D-87B6-D2751781D402}.Debug|Any CPU.Build.0 = Debug|Any CPU
		{76BDCA1B-EA19-426D-87B6-D2751781D402}.Debug|x64.ActiveCfg = Debug|Any CPU
		{76BDCA1B-EA19-426D-87B6-D2751781D402}.Debug|x64.Build.0 = Debug|Any CPU
		{76BDCA1B-EA19-426D-87B6-D2751781D402}.Debug|x86.ActiveCfg = Debug|Any CPU
		{76BDCA1B-EA19-426D-87B6-D2751781D402}.Debug|x86.Build.0 = Debug|Any CPU
		{76BDCA1B-EA19-426D-87B6-D2751781D402}.Release|Any CPU.ActiveCfg = Release|Any CPU
		{76BDCA1B-EA19-426D-87B6-D2751781D402}.Release|Any CPU.Build.0 = Release|Any CPU
		{76BDCA1B-EA19-426D-87B6-D2751781D402}.Release|x64.ActiveCfg = Release|Any CPU
		{76BDCA1B-EA19-426D-87B6-D2751781D402}.Release|x64.Build.0 = Release|Any CPU
		{76BDCA1B-EA19-426D-87B6-D2751781D402}.Release|x86.ActiveCfg = Release|Any CPU
		{76BDCA1B-EA19-426D-87B6-D2751781D402}.Release|x86.Build.0 = Release|Any CPU
		{1308BE52-6A68-4FC8-9709-5A2BF45F20BF}.Debug|Any CPU.ActiveCfg = Debug|Any CPU
		{1308BE52-6A68-4FC8-9709-5A2BF45F20BF}.Debug|Any CPU.Build.0 = Debug|Any CPU
		{1308BE52-6A68-4FC8-9709-5A2BF45F20BF}.Debug|x64.ActiveCfg = Debug|Any CPU
		{1308BE52-6A68-4FC8-9709-5A2BF45F20BF}.Debug|x64.Build.0 = Debug|Any CPU
		{1308BE52-6A68-4FC8-9709-5A2BF45F20BF}.Debug|x86.ActiveCfg = Debug|Any CPU
		{1308BE52-6A68-4FC8-9709-5A2BF45F20BF}.Debug|x86.Build.0 = Debug|Any CPU
		{1308BE52-6A68-4FC8-9709-5A2BF45F20BF}.Release|Any CPU.ActiveCfg = Release|Any CPU
		{1308BE52-6A68-4FC8-9709-5A2BF45F20BF}.Release|Any CPU.Build.0 = Release|Any CPU
		{1308BE52-6A68-4FC8-9709-5A2BF45F20BF}.Release|x64.ActiveCfg = Release|Any CPU
		{1308BE52-6A68-4FC8-9709-5A2BF45F20BF}.Release|x64.Build.0 = Release|Any CPU
		{1308BE52-6A68-4FC8-9709-5A2BF45F20BF}.Release|x86.ActiveCfg = Release|Any CPU
		{1308BE52-6A68-4FC8-9709-5A2BF45F20BF}.Release|x86.Build.0 = Release|Any CPU
		{AC3F3E9D-6F99-428E-A536-4A8A5DA4520E}.Debug|Any CPU.ActiveCfg = Debug|Any CPU
		{AC3F3E9D-6F99-428E-A536-4A8A5DA4520E}.Debug|Any CPU.Build.0 = Debug|Any CPU
		{AC3F3E9D-6F99-428E-A536-4A8A5DA4520E}.Debug|x64.ActiveCfg = Debug|Any CPU
		{AC3F3E9D-6F99-428E-A536-4A8A5DA4520E}.Debug|x64.Build.0 = Debug|Any CPU
		{AC3F3E9D-6F99-428E-A536-4A8A5DA4520E}.Debug|x86.ActiveCfg = Debug|Any CPU
		{AC3F3E9D-6F99-428E-A536-4A8A5DA4520E}.Debug|x86.Build.0 = Debug|Any CPU
		{AC3F3E9D-6F99-428E-A536-4A8A5DA4520E}.Release|Any CPU.ActiveCfg = Release|Any CPU
		{AC3F3E9D-6F99-428E-A536-4A8A5DA4520E}.Release|Any CPU.Build.0 = Release|Any CPU
		{AC3F3E9D-6F99-428E-A536-4A8A5DA4520E}.Release|x64.ActiveCfg = Release|Any CPU
		{AC3F3E9D-6F99-428E-A536-4A8A5DA4520E}.Release|x64.Build.0 = Release|Any CPU
		{AC3F3E9D-6F99-428E-A536-4A8A5DA4520E}.Release|x86.ActiveCfg = Release|Any CPU
		{AC3F3E9D-6F99-428E-A536-4A8A5DA4520E}.Release|x86.Build.0 = Release|Any CPU
		{B8D3A47C-0DE1-A63A-F204-524B40814D8C}.Debug|Any CPU.ActiveCfg = Debug|Any CPU
		{B8D3A47C-0DE1-A63A-F204-524B40814D8C}.Debug|Any CPU.Build.0 = Debug|Any CPU
		{B8D3A47C-0DE1-A63A-F204-524B40814D8C}.Debug|x64.ActiveCfg = Debug|Any CPU
		{B8D3A47C-0DE1-A63A-F204-524B40814D8C}.Debug|x64.Build.0 = Debug|Any CPU
		{B8D3A47C-0DE1-A63A-F204-524B40814D8C}.Debug|x86.ActiveCfg = Debug|Any CPU
		{B8D3A47C-0DE1-A63A-F204-524B40814D8C}.Debug|x86.Build.0 = Debug|Any CPU
		{B8D3A47C-0DE1-A63A-F204-524B40814D8C}.Release|Any CPU.ActiveCfg = Release|Any CPU
		{B8D3A47C-0DE1-A63A-F204-524B40814D8C}.Release|Any CPU.Build.0 = Release|Any CPU
		{B8D3A47C-0DE1-A63A-F204-524B40814D8C}.Release|x64.ActiveCfg = Release|Any CPU
		{B8D3A47C-0DE1-A63A-F204-524B40814D8C}.Release|x64.Build.0 = Release|Any CPU
		{B8D3A47C-0DE1-A63A-F204-524B40814D8C}.Release|x86.ActiveCfg = Release|Any CPU
		{B8D3A47C-0DE1-A63A-F204-524B40814D8C}.Release|x86.Build.0 = Release|Any CPU
		{580FD653-64E2-62DB-1BF2-EDB88968E374}.Debug|Any CPU.ActiveCfg = Debug|Any CPU
		{580FD653-64E2-62DB-1BF2-EDB88968E374}.Debug|Any CPU.Build.0 = Debug|Any CPU
		{580FD653-64E2-62DB-1BF2-EDB88968E374}.Debug|x64.ActiveCfg = Debug|Any CPU
		{580FD653-64E2-62DB-1BF2-EDB88968E374}.Debug|x64.Build.0 = Debug|Any CPU
		{580FD653-64E2-62DB-1BF2-EDB88968E374}.Debug|x86.ActiveCfg = Debug|Any CPU
		{580FD653-64E2-62DB-1BF2-EDB88968E374}.Debug|x86.Build.0 = Debug|Any CPU
		{580FD653-64E2-62DB-1BF2-EDB88968E374}.Release|Any CPU.ActiveCfg = Release|Any CPU
		{580FD653-64E2-62DB-1BF2-EDB88968E374}.Release|Any CPU.Build.0 = Release|Any CPU
		{580FD653-64E2-62DB-1BF2-EDB88968E374}.Release|x64.ActiveCfg = Release|Any CPU
		{580FD653-64E2-62DB-1BF2-EDB88968E374}.Release|x64.Build.0 = Release|Any CPU
		{580FD653-64E2-62DB-1BF2-EDB88968E374}.Release|x86.ActiveCfg = Release|Any CPU
		{580FD653-64E2-62DB-1BF2-EDB88968E374}.Release|x86.Build.0 = Release|Any CPU
	EndGlobalSection
	GlobalSection(SolutionProperties) = preSolution
		HideSolutionNode = FALSE
	EndGlobalSection
	GlobalSection(NestedProjects) = preSolution
		{8E586690-CAEF-4D68-A679-A7B6F8A9A727} = {76EDB5EA-335F-4FD2-A5E9-096D58740739}
		{6218EF05-586D-4466-B8CC-3457C4089E7B} = {D77B2BC9-AA9C-4624-9AB9-6904E9061EDA}
		{FA6A8B2F-406E-4584-8618-C7498D203C3B} = {D77B2BC9-AA9C-4624-9AB9-6904E9061EDA}
		{50FD24FD-3F7E-4D98-ACEE-928A460272C3} = {D77B2BC9-AA9C-4624-9AB9-6904E9061EDA}
		{A1327A24-6683-4EA4-A708-F9ABD1181BEF} = {76EDB5EA-335F-4FD2-A5E9-096D58740739}
		{A9D46AAC-9ABF-4028-B4CA-773EFA85E810} = {76EDB5EA-335F-4FD2-A5E9-096D58740739}
		{6981F807-0E31-42F4-925E-8BD26506F4E4} = {76EDB5EA-335F-4FD2-A5E9-096D58740739}
		{3BFA27B7-6760-46F9-91E8-D5E9DB3A1186} = {76EDB5EA-335F-4FD2-A5E9-096D58740739}
		{A22D157D-7F9F-4236-8B3A-B91B2A75F7B7} = {76EDB5EA-335F-4FD2-A5E9-096D58740739}
		{67DD6E4A-A0F1-4AF4-B593-4149D39D4E64} = {D59B7EBC-91BB-406B-A4FE-133384A168A9}
		{2D295EDD-C6B5-4C5A-BF0B-F756690C5CF9} = {D59B7EBC-91BB-406B-A4FE-133384A168A9}
		{1DAB0CA1-D48B-4169-9800-01FBE075BCCA} = {D59B7EBC-91BB-406B-A4FE-133384A168A9}
		{2A500DB5-DDFB-455B-A987-C939C1749554} = {D59B7EBC-91BB-406B-A4FE-133384A168A9}
		{A4955F99-F708-46C7-A2A0-E673A9438C64} = {D59B7EBC-91BB-406B-A4FE-133384A168A9}
		{76BDCA1B-EA19-426D-87B6-D2751781D402} = {D59B7EBC-91BB-406B-A4FE-133384A168A9}
		{1308BE52-6A68-4FC8-9709-5A2BF45F20BF} = {D59B7EBC-91BB-406B-A4FE-133384A168A9}
		{AC3F3E9D-6F99-428E-A536-4A8A5DA4520E} = {D59B7EBC-91BB-406B-A4FE-133384A168A9}
		{B8D3A47C-0DE1-A63A-F204-524B40814D8C} = {D77B2BC9-AA9C-4624-9AB9-6904E9061EDA}
		{580FD653-64E2-62DB-1BF2-EDB88968E374} = {76EDB5EA-335F-4FD2-A5E9-096D58740739}
	EndGlobalSection
	GlobalSection(ExtensibilityGlobals) = postSolution
		SolutionGuid = {629A4500-0A50-4F53-88C6-402E2360A282}
	EndGlobalSection
EndGlobal
