
Microsoft Visual Studio Solution File, Format Version 12.00
# Visual Studio Version 17
VisualStudioVersion = 17.0.32112.339
MinimumVisualStudioVersion = 10.0.40219.1
Project("{2150E333-8FDC-42A3-9474-1A3956D46DE8}") = "`build", "`build", "{286AA6FE-67D4-4818-8C77-F3AFFF3CCD7D}"
	ProjectSection(SolutionItems) = preProject
		directory.build.props = directory.build.props
		exclusion.dic = exclusion.dic
		global.json = global.json
	EndProjectSection
EndProject
Project("{2150E333-8FDC-42A3-9474-1A3956D46DE8}") = "`docs", "`docs", "{7DB60340-1A19-41FE-A38B-2C51C86D6B34}"
	ProjectSection(SolutionItems) = preProject
		ni\IviVisaApps.ni.changelog.md = ni\IviVisaApps.ni.changelog.md
		rohde\IviVisaApps.rohde.changelog.md = rohde\IviVisaApps.rohde.changelog.md
	EndProjectSection
EndProject
Project("{2150E333-8FDC-42A3-9474-1A3956D46DE8}") = "ni", "ni", "{15ECA413-0E4B-4B8B-AC96-7794BB1CE7B0}"
EndProject
Project("{9A19103F-16F7-4668-BE54-9A1E7A4F7556}") = "NI.FindResources", "ni\find.resources\NI.FindResources.csproj", "{17FC1D05-50C7-4FE7-B047-B4252BCE15BC}"
EndProject
Project("{9A19103F-16F7-4668-BE54-9A1E7A4F7556}") = "NI.ServiceRequest", "ni\service.request\NI.ServiceRequest.csproj", "{036A4CA7-A000-4477-8EE9-0D2C3A6F4304}"
EndProject
Project("{9A19103F-16F7-4668-BE54-9A1E7A4F7556}") = "NI.SimpleAsynchronousReadWrite", "ni\simple.asynchronous.read.write\NI.SimpleAsynchronousReadWrite.csproj", "{9A8FD27D-0E7C-499A-9C6E-04ECB50CEF04}"
EndProject
Project("{9A19103F-16F7-4668-BE54-9A1E7A4F7556}") = "NI.SimpleReadWrite", "ni\simple.read.write\NI.SimpleReadWrite.csproj", "{913D3147-FBA9-4D7D-8723-A6AF36973475}"
EndProject
Project("{9A19103F-16F7-4668-BE54-9A1E7A4F7556}") = "NI.RegisterBasedOperations", "ni\register.based.operations\NI.RegisterBasedOperations.csproj", "{AD5C812E-19DB-4AA1-863B-8F28335B061A}"
EndProject
Project("{2150E333-8FDC-42A3-9474-1A3956D46DE8}") = "rohde", "rohde", "{3E540F10-27FA-4E69-A548-32E5702FB5ED}"
	ProjectSection(SolutionItems) = preProject
		rohde\exclusion.dic = rohde\exclusion.dic
	EndProjectSection
EndProject
Project("{9A19103F-16F7-4668-BE54-9A1E7A4F7556}") = "Rohde.IdnQuery", "rohde\idn.query\Rohde.IdnQuery.csproj", "{242349C8-142C-450C-9B48-C0885E3265B4}"
EndProject
Global
	GlobalSection(SolutionConfigurationPlatforms) = preSolution
		Debug|Any CPU = Debug|Any CPU
		Debug|x64 = Debug|x64
		Debug|x86 = Debug|x86
		Release|Any CPU = Release|Any CPU
		Release|x64 = Release|x64
		Release|x86 = Release|x86
	EndGlobalSection
	GlobalSection(ProjectConfigurationPlatforms) = postSolution
		{17FC1D05-50C7-4FE7-B047-B4252BCE15BC}.Debug|Any CPU.ActiveCfg = Debug|Any CPU
		{17FC1D05-50C7-4FE7-B047-B4252BCE15BC}.Debug|Any CPU.Build.0 = Debug|Any CPU
		{17FC1D05-50C7-4FE7-B047-B4252BCE15BC}.Debug|x64.ActiveCfg = Debug|Any CPU
		{17FC1D05-50C7-4FE7-B047-B4252BCE15BC}.Debug|x64.Build.0 = Debug|Any CPU
		{17FC1D05-50C7-4FE7-B047-B4252BCE15BC}.Debug|x86.ActiveCfg = Debug|Any CPU
		{17FC1D05-50C7-4FE7-B047-B4252BCE15BC}.Debug|x86.Build.0 = Debug|Any CPU
		{17FC1D05-50C7-4FE7-B047-B4252BCE15BC}.Release|Any CPU.ActiveCfg = Release|Any CPU
		{17FC1D05-50C7-4FE7-B047-B4252BCE15BC}.Release|Any CPU.Build.0 = Release|Any CPU
		{17FC1D05-50C7-4FE7-B047-B4252BCE15BC}.Release|x64.ActiveCfg = Release|Any CPU
		{17FC1D05-50C7-4FE7-B047-B4252BCE15BC}.Release|x64.Build.0 = Release|Any CPU
		{17FC1D05-50C7-4FE7-B047-B4252BCE15BC}.Release|x86.ActiveCfg = Release|Any CPU
		{17FC1D05-50C7-4FE7-B047-B4252BCE15BC}.Release|x86.Build.0 = Release|Any CPU
		{036A4CA7-A000-4477-8EE9-0D2C3A6F4304}.Debug|Any CPU.ActiveCfg = Debug|Any CPU
		{036A4CA7-A000-4477-8EE9-0D2C3A6F4304}.Debug|Any CPU.Build.0 = Debug|Any CPU
		{036A4CA7-A000-4477-8EE9-0D2C3A6F4304}.Debug|x64.ActiveCfg = Debug|Any CPU
		{036A4CA7-A000-4477-8EE9-0D2C3A6F4304}.Debug|x64.Build.0 = Debug|Any CPU
		{036A4CA7-A000-4477-8EE9-0D2C3A6F4304}.Debug|x86.ActiveCfg = Debug|Any CPU
		{036A4CA7-A000-4477-8EE9-0D2C3A6F4304}.Debug|x86.Build.0 = Debug|Any CPU
		{036A4CA7-A000-4477-8EE9-0D2C3A6F4304}.Release|Any CPU.ActiveCfg = Release|Any CPU
		{036A4CA7-A000-4477-8EE9-0D2C3A6F4304}.Release|Any CPU.Build.0 = Release|Any CPU
		{036A4CA7-A000-4477-8EE9-0D2C3A6F4304}.Release|x64.ActiveCfg = Release|Any CPU
		{036A4CA7-A000-4477-8EE9-0D2C3A6F4304}.Release|x64.Build.0 = Release|Any CPU
		{036A4CA7-A000-4477-8EE9-0D2C3A6F4304}.Release|x86.ActiveCfg = Release|Any CPU
		{036A4CA7-A000-4477-8EE9-0D2C3A6F4304}.Release|x86.Build.0 = Release|Any CPU
		{9A8FD27D-0E7C-499A-9C6E-04ECB50CEF04}.Debug|Any CPU.ActiveCfg = Debug|Any CPU
		{9A8FD27D-0E7C-499A-9C6E-04ECB50CEF04}.Debug|Any CPU.Build.0 = Debug|Any CPU
		{9A8FD27D-0E7C-499A-9C6E-04ECB50CEF04}.Debug|x64.ActiveCfg = Debug|Any CPU
		{9A8FD27D-0E7C-499A-9C6E-04ECB50CEF04}.Debug|x64.Build.0 = Debug|Any CPU
		{9A8FD27D-0E7C-499A-9C6E-04ECB50CEF04}.Debug|x86.ActiveCfg = Debug|Any CPU
		{9A8FD27D-0E7C-499A-9C6E-04ECB50CEF04}.Debug|x86.Build.0 = Debug|Any CPU
		{9A8FD27D-0E7C-499A-9C6E-04ECB50CEF04}.Release|Any CPU.ActiveCfg = Release|Any CPU
		{9A8FD27D-0E7C-499A-9C6E-04ECB50CEF04}.Release|Any CPU.Build.0 = Release|Any CPU
		{9A8FD27D-0E7C-499A-9C6E-04ECB50CEF04}.Release|x64.ActiveCfg = Release|Any CPU
		{9A8FD27D-0E7C-499A-9C6E-04ECB50CEF04}.Release|x64.Build.0 = Release|Any CPU
		{9A8FD27D-0E7C-499A-9C6E-04ECB50CEF04}.Release|x86.ActiveCfg = Release|Any CPU
		{9A8FD27D-0E7C-499A-9C6E-04ECB50CEF04}.Release|x86.Build.0 = Release|Any CPU
		{913D3147-FBA9-4D7D-8723-A6AF36973475}.Debug|Any CPU.ActiveCfg = Debug|Any CPU
		{913D3147-FBA9-4D7D-8723-A6AF36973475}.Debug|Any CPU.Build.0 = Debug|Any CPU
		{913D3147-FBA9-4D7D-8723-A6AF36973475}.Debug|x64.ActiveCfg = Debug|Any CPU
		{913D3147-FBA9-4D7D-8723-A6AF36973475}.Debug|x64.Build.0 = Debug|Any CPU
		{913D3147-FBA9-4D7D-8723-A6AF36973475}.Debug|x86.ActiveCfg = Debug|Any CPU
		{913D3147-FBA9-4D7D-8723-A6AF36973475}.Debug|x86.Build.0 = Debug|Any CPU
		{913D3147-FBA9-4D7D-8723-A6AF36973475}.Release|Any CPU.ActiveCfg = Release|Any CPU
		{913D3147-FBA9-4D7D-8723-A6AF36973475}.Release|Any CPU.Build.0 = Release|Any CPU
		{913D3147-FBA9-4D7D-8723-A6AF36973475}.Release|x64.ActiveCfg = Release|Any CPU
		{913D3147-FBA9-4D7D-8723-A6AF36973475}.Release|x64.Build.0 = Release|Any CPU
		{913D3147-FBA9-4D7D-8723-A6AF36973475}.Release|x86.ActiveCfg = Release|Any CPU
		{913D3147-FBA9-4D7D-8723-A6AF36973475}.Release|x86.Build.0 = Release|Any CPU
		{AD5C812E-19DB-4AA1-863B-8F28335B061A}.Debug|Any CPU.ActiveCfg = Debug|Any CPU
		{AD5C812E-19DB-4AA1-863B-8F28335B061A}.Debug|Any CPU.Build.0 = Debug|Any CPU
		{AD5C812E-19DB-4AA1-863B-8F28335B061A}.Debug|x64.ActiveCfg = Debug|Any CPU
		{AD5C812E-19DB-4AA1-863B-8F28335B061A}.Debug|x64.Build.0 = Debug|Any CPU
		{AD5C812E-19DB-4AA1-863B-8F28335B061A}.Debug|x86.ActiveCfg = Debug|Any CPU
		{AD5C812E-19DB-4AA1-863B-8F28335B061A}.Debug|x86.Build.0 = Debug|Any CPU
		{AD5C812E-19DB-4AA1-863B-8F28335B061A}.Release|Any CPU.ActiveCfg = Release|Any CPU
		{AD5C812E-19DB-4AA1-863B-8F28335B061A}.Release|Any CPU.Build.0 = Release|Any CPU
		{AD5C812E-19DB-4AA1-863B-8F28335B061A}.Release|x64.ActiveCfg = Release|Any CPU
		{AD5C812E-19DB-4AA1-863B-8F28335B061A}.Release|x64.Build.0 = Release|Any CPU
		{AD5C812E-19DB-4AA1-863B-8F28335B061A}.Release|x86.ActiveCfg = Release|Any CPU
		{AD5C812E-19DB-4AA1-863B-8F28335B061A}.Release|x86.Build.0 = Release|Any CPU
		{242349C8-142C-450C-9B48-C0885E3265B4}.Debug|Any CPU.ActiveCfg = Debug|Any CPU
		{242349C8-142C-450C-9B48-C0885E3265B4}.Debug|Any CPU.Build.0 = Debug|Any CPU
		{242349C8-142C-450C-9B48-C0885E3265B4}.Debug|x64.ActiveCfg = Debug|Any CPU
		{242349C8-142C-450C-9B48-C0885E3265B4}.Debug|x64.Build.0 = Debug|Any CPU
		{242349C8-142C-450C-9B48-C0885E3265B4}.Debug|x86.ActiveCfg = Debug|Any CPU
		{242349C8-142C-450C-9B48-C0885E3265B4}.Debug|x86.Build.0 = Debug|Any CPU
		{242349C8-142C-450C-9B48-C0885E3265B4}.Release|Any CPU.ActiveCfg = Release|Any CPU
		{242349C8-142C-450C-9B48-C0885E3265B4}.Release|Any CPU.Build.0 = Release|Any CPU
		{242349C8-142C-450C-9B48-C0885E3265B4}.Release|x64.ActiveCfg = Release|Any CPU
		{242349C8-142C-450C-9B48-C0885E3265B4}.Release|x64.Build.0 = Release|Any CPU
		{242349C8-142C-450C-9B48-C0885E3265B4}.Release|x86.ActiveCfg = Release|Any CPU
		{242349C8-142C-450C-9B48-C0885E3265B4}.Release|x86.Build.0 = Release|Any CPU
	EndGlobalSection
	GlobalSection(SolutionProperties) = preSolution
		HideSolutionNode = FALSE
	EndGlobalSection
	GlobalSection(NestedProjects) = preSolution
		{17FC1D05-50C7-4FE7-B047-B4252BCE15BC} = {15ECA413-0E4B-4B8B-AC96-7794BB1CE7B0}
		{036A4CA7-A000-4477-8EE9-0D2C3A6F4304} = {15ECA413-0E4B-4B8B-AC96-7794BB1CE7B0}
		{9A8FD27D-0E7C-499A-9C6E-04ECB50CEF04} = {15ECA413-0E4B-4B8B-AC96-7794BB1CE7B0}
		{913D3147-FBA9-4D7D-8723-A6AF36973475} = {15ECA413-0E4B-4B8B-AC96-7794BB1CE7B0}
		{AD5C812E-19DB-4AA1-863B-8F28335B061A} = {15ECA413-0E4B-4B8B-AC96-7794BB1CE7B0}
		{242349C8-142C-450C-9B48-C0885E3265B4} = {3E540F10-27FA-4E69-A548-32E5702FB5ED}
	EndGlobalSection
	GlobalSection(ExtensibilityGlobals) = postSolution
		SolutionGuid = {629A4500-0A50-4F53-88C6-402E2360A282}
	EndGlobalSection
EndGlobal
